
Microsoft Visual Studio Solution File, Format Version 12.00
# Visual Studio 2013
VisualStudioVersion = 12.0.40629.0
MinimumVisualStudioVersion = 10.0.40219.1
Project("{8BC9CEB8-8B4A-11D0-8D11-00A0C91BC942}") = "_1_10", "_1_10\_1_10.vcxproj", "{3B094FB5-3514-4B2A-B492-DFB88CDA44C3}"
EndProject
Project("{8BC9CEB8-8B4A-11D0-8D11-00A0C91BC942}") = "_1_11", "_1_11\_1_11.vcxproj", "{F2A76EB3-F18F-4DE6-9026-61EB6A1A315F}"
EndProject
Project("{8BC9CEB8-8B4A-11D0-8D11-00A0C91BC942}") = "_1_12", "_1_12\_1_12.vcxproj", "{CDA7B224-F7B6-4E05-AB52-5ADC8957F1BC}"
EndProject
Project("{8BC9CEB8-8B4A-11D0-8D11-00A0C91BC942}") = "_2_1", "_2_1\_2_1.vcxproj", "{ADB4533F-5C9E-439B-8548-621538CC84B6}"
EndProject
Project("{8BC9CEB8-8B4A-11D0-8D11-00A0C91BC942}") = "_2_2", "_2_2\_2_2.vcxproj", "{A63C82DE-5BB1-40B8-8657-F25DDC1C8266}"
EndProject
Project("{8BC9CEB8-8B4A-11D0-8D11-00A0C91BC942}") = "_2_3", "_2_3\_2_3.vcxproj", "{BF140911-F674-4EC2-BA3E-744211D079BA}"
EndProject
Project("{8BC9CEB8-8B4A-11D0-8D11-00A0C91BC942}") = "_2_4", "_2_4\_2_4.vcxproj", "{82A5620C-7793-43F2-BBEF-B22975AAB396}"
EndProject
Project("{8BC9CEB8-8B4A-11D0-8D11-00A0C91BC942}") = "_2_8", "_2_8\_2_8.vcxproj", "{3BBD435D-B456-4CD1-8A7E-DE55BE0A7C6E}"
EndProject
Project("{8BC9CEB8-8B4A-11D0-8D11-00A0C91BC942}") = "_2_9", "_2_9\_2_9.vcxproj", "{994DCD28-F80B-4AA7-8FE7-3BC1BACF834C}"
EndProject
Project("{8BC9CEB8-8B4A-11D0-8D11-00A0C91BC942}") = "_2_10", "_2_10\_2_10.vcxproj", "{DB54250D-E9C5-4754-AA97-DA487B44C574}"
EndProject
Project("{8BC9CEB8-8B4A-11D0-8D11-00A0C91BC942}") = "_2_11", "_2_11\_2_11.vcxproj", "{7785D217-0219-4A75-AA42-0ED80E70413F}"
EndProject
Project("{8BC9CEB8-8B4A-11D0-8D11-00A0C91BC942}") = "_2_12", "_2_12\_2_12.vcxproj", "{0A0251E1-D380-40FB-B6B2-3E42BE735F15}"
EndProject
Project("{8BC9CEB8-8B4A-11D0-8D11-00A0C91BC942}") = "_2_13", "_2_13\_2_13.vcxproj", "{8D4CF0C3-89C7-49B6-929E-C3DA9D049F5B}"
EndProject
Project("{8BC9CEB8-8B4A-11D0-8D11-00A0C91BC942}") = "_3_1", "_3_1\_3_1.vcxproj", "{CDED1B9D-89B6-4BBF-99A5-B98D16BDDBF5}"
EndProject
Project("{8BC9CEB8-8B4A-11D0-8D11-00A0C91BC942}") = "_3_2", "_3_2\_3_2.vcxproj", "{74A7671D-8EBA-4B02-9198-FC9DA76858BF}"
EndProject
Project("{8BC9CEB8-8B4A-11D0-8D11-00A0C91BC942}") = "_3_3", "_3_3\_3_3.vcxproj", "{F88D149A-6FE9-40C1-B493-699DF6F705B7}"
EndProject
Project("{8BC9CEB8-8B4A-11D0-8D11-00A0C91BC942}") = "_3_5", "_3_5\_3_5.vcxproj", "{E0A004A3-5B4A-414E-A7BE-4E5D44608C00}"
EndProject
Project("{8BC9CEB8-8B4A-11D0-8D11-00A0C91BC942}") = "_3_6", "_3_6\_3_6.vcxproj", "{FAD3F437-A35A-4511-A57E-34B8EAC5D861}"
EndProject
Project("{8BC9CEB8-8B4A-11D0-8D11-00A0C91BC942}") = "_3_7", "_3_7\_3_7.vcxproj", "{70FB67A8-B2DD-4E9B-88A0-9E1BF36491FB}"
EndProject
Project("{8BC9CEB8-8B4A-11D0-8D11-00A0C91BC942}") = "_3_8", "_3_8\_3_8.vcxproj", "{3D75B641-77E3-4481-91A0-09AE3674F432}"
EndProject
Project("{8BC9CEB8-8B4A-11D0-8D11-00A0C91BC942}") = "_3_9", "_3_9\_3_9.vcxproj", "{FCA548A1-9A89-4187-8221-37D983504CF1}"
EndProject
Project("{8BC9CEB8-8B4A-11D0-8D11-00A0C91BC942}") = "_3_10", "_3_10\_3_10.vcxproj", "{410D2382-A24D-423D-93E9-0750FB75C654}"
EndProject
Project("{8BC9CEB8-8B4A-11D0-8D11-00A0C91BC942}") = "_3_11", "_3_11\_3_11.vcxproj", "{B5C5C8C3-3332-4D49-8E8B-3F6A4C8EA0F5}"
EndProject
Project("{8BC9CEB8-8B4A-11D0-8D11-00A0C91BC942}") = "_3_12", "_3_12\_3_12.vcxproj", "{31002551-08A2-430E-86EA-77A1F6BA09AB}"
EndProject
Project("{8BC9CEB8-8B4A-11D0-8D11-00A0C91BC942}") = "_3_13", "_3_13\_3_13.vcxproj", "{BDCE4547-DB11-468D-B601-F8679C639696}"
EndProject
Project("{8BC9CEB8-8B4A-11D0-8D11-00A0C91BC942}") = "_3_14", "_3_14\_3_14.vcxproj", "{9CCF8372-7EBF-43E0-8681-AF0F885B8807}"
EndProject
Project("{8BC9CEB8-8B4A-11D0-8D11-00A0C91BC942}") = "_3_15", "_3_15\_3_15.vcxproj", "{7344BC82-730A-4B4B-9371-0E09D3638125}"
EndProject
Project("{8BC9CEB8-8B4A-11D0-8D11-00A0C91BC942}") = "_3_16", "_3_16\_3_16.vcxproj", "{DA5FA3BF-5E45-4693-91D6-56D45165D1DB}"
EndProject
Project("{8BC9CEB8-8B4A-11D0-8D11-00A0C91BC942}") = "_3_17", "_3_17\_3_17.vcxproj", "{691E066C-2225-40BC-BB18-32BCC0DD6D77}"
EndProject
Project("{8BC9CEB8-8B4A-11D0-8D11-00A0C91BC942}") = "_4_4", "_4_4\_4_4.vcxproj", "{42F3A891-CA4D-42F6-B87D-401854E4BF2E}"
EndProject
Project("{2150E333-8FDC-42A3-9474-1A3956D46DE8}") = "1-2-3", "1-2-3", "{C04E58F2-404D-4242-852F-0DA4F64CA704}"
EndProject
Project("{8BC9CEB8-8B4A-11D0-8D11-00A0C91BC942}") = "_4_4_", "_4_4_\_4_4_.vcxproj", "{455D6A86-ED47-4A91-B759-2DA9D01A5C2F}"
EndProject
Project("{8BC9CEB8-8B4A-11D0-8D11-00A0C91BC942}") = "_4_8", "_4_8\_4_8.vcxproj", "{9F2F5135-9895-4414-959B-26CA6FD26466}"
EndProject
Project("{8BC9CEB8-8B4A-11D0-8D11-00A0C91BC942}") = "_4_9", "_4_9\_4_9.vcxproj", "{3F7E6D50-B0CF-4AF4-912C-E9E5AC904BAD}"
EndProject
Project("{8BC9CEB8-8B4A-11D0-8D11-00A0C91BC942}") = "_4_10", "_4_10\_4_10.vcxproj", "{650AF3B7-E42B-44F8-905F-D3BBE56435A7}"
EndProject
Project("{8BC9CEB8-8B4A-11D0-8D11-00A0C91BC942}") = "_4_11", "_4_11\_4_11.vcxproj", "{9A5FE32F-5EE0-4789-9F47-E283DA061D02}"
EndProject
Project("{8BC9CEB8-8B4A-11D0-8D11-00A0C91BC942}") = "_4_9_", "_4_9_\_4_9_.vcxproj", "{1CBEEE3D-763D-4305-BB75-5DA311F9CF75}"
EndProject
Project("{8BC9CEB8-8B4A-11D0-8D11-00A0C91BC942}") = "_5_1", "_5_1\_5_1.vcxproj", "{27042931-F7E0-456D-A590-66A1F53DADD7}"
EndProject
Project("{8BC9CEB8-8B4A-11D0-8D11-00A0C91BC942}") = "_5_2", "_5_2\_5_2.vcxproj", "{FE84BA15-34D7-44DE-A94C-354D0F5E522A}"
EndProject
Project("{8BC9CEB8-8B4A-11D0-8D11-00A0C91BC942}") = "_5_3", "_5_3\_5_3.vcxproj", "{22F4EE4F-6F14-4776-A185-641008E78FF8}"
EndProject
Project("{8BC9CEB8-8B4A-11D0-8D11-00A0C91BC942}") = "_5_4", "_5_4\_5_4.vcxproj", "{370D4766-3207-4D3E-91C9-BE9CE6EBB62A}"
EndProject
Project("{8BC9CEB8-8B4A-11D0-8D11-00A0C91BC942}") = "_5_5", "_5_5\_5_5.vcxproj", "{050FFCE9-6125-4564-BA71-6A22968FEBAA}"
EndProject
Project("{8BC9CEB8-8B4A-11D0-8D11-00A0C91BC942}") = "_5_6", "_5_6\_5_6.vcxproj", "{2BD5DB32-35E9-4FCC-BFF5-F9E3C4BC0411}"
EndProject
Project("{8BC9CEB8-8B4A-11D0-8D11-00A0C91BC942}") = "_5_7", "_5_7\_5_7.vcxproj", "{B44B6CFA-3D95-454B-9CD0-F38A0782AF57}"
EndProject
Project("{8BC9CEB8-8B4A-11D0-8D11-00A0C91BC942}") = "_5_8", "_5_8\_5_8.vcxproj", "{37858CBE-744C-4D2D-835B-A8E553F5BB55}"
EndProject
Project("{8BC9CEB8-8B4A-11D0-8D11-00A0C91BC942}") = "_5_9", "_5_9\_5_9.vcxproj", "{AF674C87-8933-4CDA-82CE-61C91942FF67}"
EndProject
Project("{8BC9CEB8-8B4A-11D0-8D11-00A0C91BC942}") = "_5_10", "_5_10\_5_10.vcxproj", "{8F2F7C49-96D8-496D-911F-8AE0B0B7996D}"
EndProject
Project("{8BC9CEB8-8B4A-11D0-8D11-00A0C91BC942}") = "_5_11", "_5_11\_5_11.vcxproj", "{788F3ECB-2EAA-4D4B-B6EB-2D15B16C366A}"
EndProject
Project("{8BC9CEB8-8B4A-11D0-8D11-00A0C91BC942}") = "_5_12", "_5_12\_5_12.vcxproj", "{6450D34B-1CC7-46B4-A9ED-10150B377864}"
EndProject
Project("{8BC9CEB8-8B4A-11D0-8D11-00A0C91BC942}") = "_5_13_equation", "_5_13_equation\_5_13_equation.vcxproj", "{695F27E7-4F23-4540-B3D2-4BEEA9884715}"
EndProject
Project("{8BC9CEB8-8B4A-11D0-8D11-00A0C91BC942}") = "_6_1", "_6_1\_6_1.vcxproj", "{412F3B25-142E-461D-AF7D-8473A4CAEB8C}"
EndProject
Project("{8BC9CEB8-8B4A-11D0-8D11-00A0C91BC942}") = "_6_2", "_6_2\_6_2.vcxproj", "{C29C36AC-7550-4307-8232-3866B82E67C7}"
EndProject
Project("{8BC9CEB8-8B4A-11D0-8D11-00A0C91BC942}") = "_6_3", "_6_3\_6_3.vcxproj", "{40FB6DCA-5C08-4641-86F7-244A9AA8F91E}"
EndProject
Project("{8BC9CEB8-8B4A-11D0-8D11-00A0C91BC942}") = "_6_4", "_6_4\_6_4.vcxproj", "{0B73FBE5-7146-4ECE-8FE5-A49A069CFF9C}"
EndProject
Project("{8BC9CEB8-8B4A-11D0-8D11-00A0C91BC942}") = "_6_5", "_6_5\_6_5.vcxproj", "{218A329B-FA2F-42D7-BFA1-BE530A071E33}"
EndProject
Project("{8BC9CEB8-8B4A-11D0-8D11-00A0C91BC942}") = "_6_6", "_6_6\_6_6.vcxproj", "{42899BED-0243-4429-AFC0-CC1643872746}"
EndProject
Project("{8BC9CEB8-8B4A-11D0-8D11-00A0C91BC942}") = "_7_1", "_7_1\_7_1.vcxproj", "{233B4B1A-9773-4991-A382-F580D6111725}"
EndProject
Project("{8BC9CEB8-8B4A-11D0-8D11-00A0C91BC942}") = "_7_2", "_7_2\_7_2.vcxproj", "{8418B5CA-45EB-4931-9005-E40C0D1527EB}"
EndProject
Project("{2150E333-8FDC-42A3-9474-1A3956D46DE8}") = "4", "4", "{225A66C1-06A9-49AD-B5DD-236D16F77AA4}"
EndProject
Project("{2150E333-8FDC-42A3-9474-1A3956D46DE8}") = "5", "5", "{9DDAF75E-164E-4D22-BCCF-9F8F7FAA5AE7}"
EndProject
Project("{2150E333-8FDC-42A3-9474-1A3956D46DE8}") = "6", "6", "{88CAA38B-84A0-4C1B-8737-4E69827779FB}"
EndProject
Project("{8BC9CEB8-8B4A-11D0-8D11-00A0C91BC942}") = "_7_3", "_7_3\_7_3.vcxproj", "{173202F9-4ABB-4906-B9A8-B5AA790860BF}"
EndProject
Global
	GlobalSection(TeamFoundationVersionControl) = preSolution
		SccNumberOfProjects = 59
		SccEnterpriseProvider = {4CA58AB2-18FA-4F8D-95D4-32DDF27D184C}
		SccTeamFoundationServer = http://192.168.0.125:8080/tfs/defaultcollection
		SccLocalPath0 = .
		SccProjectUniqueName1 = _1_10\\_1_10.vcxproj
		SccProjectTopLevelParentUniqueName1 = Cpp4737.sln
		SccProjectName1 = _1_10
		SccLocalPath1 = _1_10
		SccProjectUniqueName2 = _1_11\\_1_11.vcxproj
		SccProjectTopLevelParentUniqueName2 = Cpp4737.sln
		SccProjectName2 = _1_11
		SccLocalPath2 = _1_11
		SccProjectUniqueName3 = _1_12\\_1_12.vcxproj
		SccProjectTopLevelParentUniqueName3 = Cpp4737.sln
		SccProjectName3 = _1_12
		SccLocalPath3 = _1_12
		SccProjectUniqueName4 = _2_1\\_2_1.vcxproj
		SccProjectTopLevelParentUniqueName4 = Cpp4737.sln
		SccProjectName4 = _2_1
		SccLocalPath4 = _2_1
		SccProjectUniqueName5 = _2_2\\_2_2.vcxproj
		SccProjectTopLevelParentUniqueName5 = Cpp4737.sln
		SccProjectName5 = _2_2
		SccLocalPath5 = _2_2
		SccProjectUniqueName6 = _2_3\\_2_3.vcxproj
		SccProjectTopLevelParentUniqueName6 = Cpp4737.sln
		SccProjectName6 = _2_3
		SccLocalPath6 = _2_3
		SccProjectUniqueName7 = _2_4\\_2_4.vcxproj
		SccProjectTopLevelParentUniqueName7 = Cpp4737.sln
		SccProjectName7 = _2_4
		SccLocalPath7 = _2_4
		SccProjectUniqueName8 = _2_8\\_2_8.vcxproj
		SccProjectTopLevelParentUniqueName8 = Cpp4737.sln
		SccProjectName8 = _2_8
		SccLocalPath8 = _2_8
		SccProjectUniqueName9 = _2_9\\_2_9.vcxproj
		SccProjectTopLevelParentUniqueName9 = Cpp4737.sln
		SccProjectName9 = _2_9
		SccLocalPath9 = _2_9
		SccProjectUniqueName10 = _2_10\\_2_10.vcxproj
		SccProjectTopLevelParentUniqueName10 = Cpp4737.sln
		SccProjectName10 = _2_10
		SccLocalPath10 = _2_10
		SccProjectUniqueName11 = _2_11\\_2_11.vcxproj
		SccProjectTopLevelParentUniqueName11 = Cpp4737.sln
		SccProjectName11 = _2_11
		SccLocalPath11 = _2_11
		SccProjectUniqueName12 = _2_12\\_2_12.vcxproj
		SccProjectTopLevelParentUniqueName12 = Cpp4737.sln
		SccProjectName12 = _2_12
		SccLocalPath12 = _2_12
		SccProjectUniqueName13 = _2_13\\_2_13.vcxproj
		SccProjectTopLevelParentUniqueName13 = Cpp4737.sln
		SccProjectName13 = _2_13
		SccLocalPath13 = _2_13
		SccProjectUniqueName14 = _3_1\\_3_1.vcxproj
		SccProjectTopLevelParentUniqueName14 = Cpp4737.sln
		SccProjectName14 = _3_1
		SccLocalPath14 = _3_1
		SccProjectUniqueName15 = _3_2\\_3_2.vcxproj
		SccProjectTopLevelParentUniqueName15 = Cpp4737.sln
		SccProjectName15 = _3_2
		SccLocalPath15 = _3_2
		SccProjectUniqueName16 = _3_3\\_3_3.vcxproj
		SccProjectTopLevelParentUniqueName16 = Cpp4737.sln
		SccProjectName16 = _3_3
		SccLocalPath16 = _3_3
		SccProjectUniqueName17 = _3_5\\_3_5.vcxproj
		SccProjectTopLevelParentUniqueName17 = Cpp4737.sln
		SccProjectName17 = _3_5
		SccLocalPath17 = _3_5
		SccProjectUniqueName18 = _3_6\\_3_6.vcxproj
		SccProjectTopLevelParentUniqueName18 = Cpp4737.sln
		SccProjectName18 = _3_6
		SccLocalPath18 = _3_6
		SccProjectUniqueName19 = _3_7\\_3_7.vcxproj
		SccProjectTopLevelParentUniqueName19 = Cpp4737.sln
		SccProjectName19 = _3_7
		SccLocalPath19 = _3_7
		SccProjectUniqueName20 = _3_8\\_3_8.vcxproj
		SccProjectTopLevelParentUniqueName20 = Cpp4737.sln
		SccProjectName20 = _3_8
		SccLocalPath20 = _3_8
		SccProjectUniqueName21 = _3_9\\_3_9.vcxproj
		SccProjectTopLevelParentUniqueName21 = Cpp4737.sln
		SccProjectName21 = _3_9
		SccLocalPath21 = _3_9
		SccProjectUniqueName22 = _3_10\\_3_10.vcxproj
		SccProjectTopLevelParentUniqueName22 = Cpp4737.sln
		SccProjectName22 = _3_10
		SccLocalPath22 = _3_10
		SccProjectUniqueName23 = _3_11\\_3_11.vcxproj
		SccProjectTopLevelParentUniqueName23 = Cpp4737.sln
		SccProjectName23 = _3_11
		SccLocalPath23 = _3_11
		SccProjectUniqueName24 = _3_12\\_3_12.vcxproj
		SccProjectTopLevelParentUniqueName24 = Cpp4737.sln
		SccProjectName24 = _3_12
		SccLocalPath24 = _3_12
		SccProjectUniqueName25 = _3_13\\_3_13.vcxproj
		SccProjectTopLevelParentUniqueName25 = Cpp4737.sln
		SccProjectName25 = _3_13
		SccLocalPath25 = _3_13
		SccProjectUniqueName26 = _3_14\\_3_14.vcxproj
		SccProjectTopLevelParentUniqueName26 = Cpp4737.sln
		SccProjectName26 = _3_14
		SccLocalPath26 = _3_14
		SccProjectUniqueName27 = _3_15\\_3_15.vcxproj
		SccProjectTopLevelParentUniqueName27 = Cpp4737.sln
		SccProjectName27 = _3_15
		SccLocalPath27 = _3_15
		SccProjectUniqueName28 = _3_16\\_3_16.vcxproj
		SccProjectTopLevelParentUniqueName28 = Cpp4737.sln
		SccProjectName28 = _3_16
		SccLocalPath28 = _3_16
		SccProjectUniqueName29 = _3_17\\_3_17.vcxproj
		SccProjectTopLevelParentUniqueName29 = Cpp4737.sln
		SccProjectName29 = _3_17
		SccLocalPath29 = _3_17
		SccProjectUniqueName30 = _4_4\\_4_4.vcxproj
		SccProjectTopLevelParentUniqueName30 = Cpp4737.sln
		SccProjectName30 = _4_4
		SccLocalPath30 = _4_4
		SccProjectUniqueName31 = _4_4_\\_4_4_.vcxproj
		SccProjectTopLevelParentUniqueName31 = Cpp4737.sln
		SccProjectName31 = _4_4_
		SccLocalPath31 = _4_4_
		SccProjectUniqueName32 = _4_8\\_4_8.vcxproj
		SccProjectTopLevelParentUniqueName32 = Cpp4737.sln
		SccProjectName32 = _4_8
		SccLocalPath32 = _4_8
		SccProjectUniqueName33 = _4_9\\_4_9.vcxproj
		SccProjectTopLevelParentUniqueName33 = Cpp4737.sln
		SccProjectName33 = _4_9
		SccLocalPath33 = _4_9
		SccProjectUniqueName34 = _4_10\\_4_10.vcxproj
		SccProjectTopLevelParentUniqueName34 = Cpp4737.sln
		SccProjectName34 = _4_10
		SccLocalPath34 = _4_10
		SccProjectUniqueName35 = _4_11\\_4_11.vcxproj
		SccProjectTopLevelParentUniqueName35 = Cpp4737.sln
		SccProjectName35 = _4_11
		SccLocalPath35 = _4_11
		SccProjectUniqueName36 = _4_9_\\_4_9_.vcxproj
		SccProjectTopLevelParentUniqueName36 = Cpp4737.sln
		SccProjectName36 = _4_9_
		SccLocalPath36 = _4_9_
		SccProjectUniqueName37 = _5_1\\_5_1.vcxproj
		SccProjectTopLevelParentUniqueName37 = Cpp4737.sln
		SccProjectName37 = _5_1
		SccLocalPath37 = _5_1
		SccProjectUniqueName38 = _5_2\\_5_2.vcxproj
		SccProjectTopLevelParentUniqueName38 = Cpp4737.sln
		SccProjectName38 = _5_2
		SccLocalPath38 = _5_2
		SccProjectUniqueName39 = _5_3\\_5_3.vcxproj
		SccProjectTopLevelParentUniqueName39 = Cpp4737.sln
		SccProjectName39 = _5_3
		SccLocalPath39 = _5_3
		SccProjectUniqueName40 = _5_4\\_5_4.vcxproj
		SccProjectTopLevelParentUniqueName40 = Cpp4737.sln
		SccProjectName40 = _5_4
		SccLocalPath40 = _5_4
		SccProjectUniqueName41 = _5_5\\_5_5.vcxproj
		SccProjectTopLevelParentUniqueName41 = Cpp4737.sln
		SccProjectName41 = _5_5
		SccLocalPath41 = _5_5
		SccProjectUniqueName42 = _5_6\\_5_6.vcxproj
		SccProjectTopLevelParentUniqueName42 = Cpp4737.sln
		SccProjectName42 = _5_6
		SccLocalPath42 = _5_6
		SccProjectUniqueName43 = _5_7\\_5_7.vcxproj
		SccProjectTopLevelParentUniqueName43 = Cpp4737.sln
		SccProjectName43 = _5_7
		SccLocalPath43 = _5_7
		SccProjectUniqueName44 = _5_8\\_5_8.vcxproj
		SccProjectTopLevelParentUniqueName44 = Cpp4737.sln
		SccProjectName44 = _5_8
		SccLocalPath44 = _5_8
		SccProjectUniqueName45 = _5_9\\_5_9.vcxproj
		SccProjectTopLevelParentUniqueName45 = Cpp4737.sln
		SccProjectName45 = _5_9
		SccLocalPath45 = _5_9
		SccProjectUniqueName46 = _5_10\\_5_10.vcxproj
		SccProjectTopLevelParentUniqueName46 = Cpp4737.sln
		SccProjectName46 = _5_10
		SccLocalPath46 = _5_10
		SccProjectUniqueName47 = _5_11\\_5_11.vcxproj
		SccProjectTopLevelParentUniqueName47 = Cpp4737.sln
		SccProjectName47 = _5_11
		SccLocalPath47 = _5_11
		SccProjectUniqueName48 = _5_12\\_5_12.vcxproj
		SccProjectTopLevelParentUniqueName48 = Cpp4737.sln
		SccProjectName48 = _5_12
		SccLocalPath48 = _5_12
		SccProjectUniqueName49 = _5_13_equation\\_5_13_equation.vcxproj
		SccProjectTopLevelParentUniqueName49 = Cpp4737.sln
		SccProjectName49 = _5_13_equation
		SccLocalPath49 = _5_13_equation
		SccProjectUniqueName50 = _6_1\\_6_1.vcxproj
		SccProjectTopLevelParentUniqueName50 = Cpp4737.sln
		SccProjectName50 = _6_1
		SccLocalPath50 = _6_1
		SccProjectUniqueName51 = _6_2\\_6_2.vcxproj
		SccProjectTopLevelParentUniqueName51 = Cpp4737.sln
		SccProjectName51 = _6_2
		SccLocalPath51 = _6_2
		SccProjectUniqueName52 = _6_3\\_6_3.vcxproj
		SccProjectTopLevelParentUniqueName52 = Cpp4737.sln
		SccProjectName52 = _6_3
		SccLocalPath52 = _6_3
		SccProjectUniqueName53 = _6_4\\_6_4.vcxproj
		SccProjectTopLevelParentUniqueName53 = Cpp4737.sln
		SccProjectName53 = _6_4
		SccLocalPath53 = _6_4
		SccProjectUniqueName54 = _6_5\\_6_5.vcxproj
		SccProjectTopLevelParentUniqueName54 = Cpp4737.sln
		SccProjectName54 = _6_5
		SccLocalPath54 = _6_5
		SccProjectUniqueName55 = _6_6\\_6_6.vcxproj
		SccProjectTopLevelParentUniqueName55 = Cpp4737.sln
		SccProjectName55 = _6_6
		SccLocalPath55 = _6_6
		SccProjectUniqueName56 = _7_1\\_7_1.vcxproj
		SccProjectName56 = _7_1
		SccLocalPath56 = _7_1
		SccProjectUniqueName57 = _7_2\\_7_2.vcxproj
		SccProjectName57 = _7_2
		SccLocalPath57 = _7_2
		SccProjectUniqueName58 = _7_3\\_7_3.vcxproj
		SccProjectName58 = _7_3
		SccLocalPath58 = _7_3
	EndGlobalSection
	GlobalSection(SolutionConfigurationPlatforms) = preSolution
		Debug|Any CPU = Debug|Any CPU
		Debug|Mixed Platforms = Debug|Mixed Platforms
		Debug|Win32 = Debug|Win32
		Release|Any CPU = Release|Any CPU
		Release|Mixed Platforms = Release|Mixed Platforms
		Release|Win32 = Release|Win32
	EndGlobalSection
	GlobalSection(ProjectConfigurationPlatforms) = postSolution
		{3B094FB5-3514-4B2A-B492-DFB88CDA44C3}.Debug|Any CPU.ActiveCfg = Debug|Win32
		{3B094FB5-3514-4B2A-B492-DFB88CDA44C3}.Debug|Mixed Platforms.ActiveCfg = Debug|Win32
		{3B094FB5-3514-4B2A-B492-DFB88CDA44C3}.Debug|Mixed Platforms.Build.0 = Debug|Win32
		{3B094FB5-3514-4B2A-B492-DFB88CDA44C3}.Debug|Win32.ActiveCfg = Debug|Win32
		{3B094FB5-3514-4B2A-B492-DFB88CDA44C3}.Debug|Win32.Build.0 = Debug|Win32
		{3B094FB5-3514-4B2A-B492-DFB88CDA44C3}.Release|Any CPU.ActiveCfg = Release|Win32
		{3B094FB5-3514-4B2A-B492-DFB88CDA44C3}.Release|Mixed Platforms.ActiveCfg = Release|Win32
		{3B094FB5-3514-4B2A-B492-DFB88CDA44C3}.Release|Mixed Platforms.Build.0 = Release|Win32
		{3B094FB5-3514-4B2A-B492-DFB88CDA44C3}.Release|Win32.ActiveCfg = Release|Win32
		{3B094FB5-3514-4B2A-B492-DFB88CDA44C3}.Release|Win32.Build.0 = Release|Win32
		{F2A76EB3-F18F-4DE6-9026-61EB6A1A315F}.Debug|Any CPU.ActiveCfg = Debug|Win32
		{F2A76EB3-F18F-4DE6-9026-61EB6A1A315F}.Debug|Mixed Platforms.ActiveCfg = Debug|Win32
		{F2A76EB3-F18F-4DE6-9026-61EB6A1A315F}.Debug|Mixed Platforms.Build.0 = Debug|Win32
		{F2A76EB3-F18F-4DE6-9026-61EB6A1A315F}.Debug|Win32.ActiveCfg = Debug|Win32
		{F2A76EB3-F18F-4DE6-9026-61EB6A1A315F}.Debug|Win32.Build.0 = Debug|Win32
		{F2A76EB3-F18F-4DE6-9026-61EB6A1A315F}.Release|Any CPU.ActiveCfg = Release|Win32
		{F2A76EB3-F18F-4DE6-9026-61EB6A1A315F}.Release|Mixed Platforms.ActiveCfg = Release|Win32
		{F2A76EB3-F18F-4DE6-9026-61EB6A1A315F}.Release|Mixed Platforms.Build.0 = Release|Win32
		{F2A76EB3-F18F-4DE6-9026-61EB6A1A315F}.Release|Win32.ActiveCfg = Release|Win32
		{F2A76EB3-F18F-4DE6-9026-61EB6A1A315F}.Release|Win32.Build.0 = Release|Win32
		{CDA7B224-F7B6-4E05-AB52-5ADC8957F1BC}.Debug|Any CPU.ActiveCfg = Debug|Win32
		{CDA7B224-F7B6-4E05-AB52-5ADC8957F1BC}.Debug|Mixed Platforms.ActiveCfg = Debug|Win32
		{CDA7B224-F7B6-4E05-AB52-5ADC8957F1BC}.Debug|Mixed Platforms.Build.0 = Debug|Win32
		{CDA7B224-F7B6-4E05-AB52-5ADC8957F1BC}.Debug|Win32.ActiveCfg = Debug|Win32
		{CDA7B224-F7B6-4E05-AB52-5ADC8957F1BC}.Debug|Win32.Build.0 = Debug|Win32
		{CDA7B224-F7B6-4E05-AB52-5ADC8957F1BC}.Release|Any CPU.ActiveCfg = Release|Win32
		{CDA7B224-F7B6-4E05-AB52-5ADC8957F1BC}.Release|Mixed Platforms.ActiveCfg = Release|Win32
		{CDA7B224-F7B6-4E05-AB52-5ADC8957F1BC}.Release|Mixed Platforms.Build.0 = Release|Win32
		{CDA7B224-F7B6-4E05-AB52-5ADC8957F1BC}.Release|Win32.ActiveCfg = Release|Win32
		{CDA7B224-F7B6-4E05-AB52-5ADC8957F1BC}.Release|Win32.Build.0 = Release|Win32
		{ADB4533F-5C9E-439B-8548-621538CC84B6}.Debug|Any CPU.ActiveCfg = Debug|Win32
		{ADB4533F-5C9E-439B-8548-621538CC84B6}.Debug|Mixed Platforms.ActiveCfg = Debug|Win32
		{ADB4533F-5C9E-439B-8548-621538CC84B6}.Debug|Mixed Platforms.Build.0 = Debug|Win32
		{ADB4533F-5C9E-439B-8548-621538CC84B6}.Debug|Win32.ActiveCfg = Debug|Win32
		{ADB4533F-5C9E-439B-8548-621538CC84B6}.Debug|Win32.Build.0 = Debug|Win32
		{ADB4533F-5C9E-439B-8548-621538CC84B6}.Release|Any CPU.ActiveCfg = Release|Win32
		{ADB4533F-5C9E-439B-8548-621538CC84B6}.Release|Mixed Platforms.ActiveCfg = Release|Win32
		{ADB4533F-5C9E-439B-8548-621538CC84B6}.Release|Mixed Platforms.Build.0 = Release|Win32
		{ADB4533F-5C9E-439B-8548-621538CC84B6}.Release|Win32.ActiveCfg = Release|Win32
		{ADB4533F-5C9E-439B-8548-621538CC84B6}.Release|Win32.Build.0 = Release|Win32
		{A63C82DE-5BB1-40B8-8657-F25DDC1C8266}.Debug|Any CPU.ActiveCfg = Debug|Win32
		{A63C82DE-5BB1-40B8-8657-F25DDC1C8266}.Debug|Mixed Platforms.ActiveCfg = Debug|Win32
		{A63C82DE-5BB1-40B8-8657-F25DDC1C8266}.Debug|Mixed Platforms.Build.0 = Debug|Win32
		{A63C82DE-5BB1-40B8-8657-F25DDC1C8266}.Debug|Win32.ActiveCfg = Debug|Win32
		{A63C82DE-5BB1-40B8-8657-F25DDC1C8266}.Debug|Win32.Build.0 = Debug|Win32
		{A63C82DE-5BB1-40B8-8657-F25DDC1C8266}.Release|Any CPU.ActiveCfg = Release|Win32
		{A63C82DE-5BB1-40B8-8657-F25DDC1C8266}.Release|Mixed Platforms.ActiveCfg = Release|Win32
		{A63C82DE-5BB1-40B8-8657-F25DDC1C8266}.Release|Mixed Platforms.Build.0 = Release|Win32
		{A63C82DE-5BB1-40B8-8657-F25DDC1C8266}.Release|Win32.ActiveCfg = Release|Win32
		{A63C82DE-5BB1-40B8-8657-F25DDC1C8266}.Release|Win32.Build.0 = Release|Win32
		{BF140911-F674-4EC2-BA3E-744211D079BA}.Debug|Any CPU.ActiveCfg = Debug|Win32
		{BF140911-F674-4EC2-BA3E-744211D079BA}.Debug|Mixed Platforms.ActiveCfg = Debug|Win32
		{BF140911-F674-4EC2-BA3E-744211D079BA}.Debug|Mixed Platforms.Build.0 = Debug|Win32
		{BF140911-F674-4EC2-BA3E-744211D079BA}.Debug|Win32.ActiveCfg = Debug|Win32
		{BF140911-F674-4EC2-BA3E-744211D079BA}.Debug|Win32.Build.0 = Debug|Win32
		{BF140911-F674-4EC2-BA3E-744211D079BA}.Release|Any CPU.ActiveCfg = Release|Win32
		{BF140911-F674-4EC2-BA3E-744211D079BA}.Release|Mixed Platforms.ActiveCfg = Release|Win32
		{BF140911-F674-4EC2-BA3E-744211D079BA}.Release|Mixed Platforms.Build.0 = Release|Win32
		{BF140911-F674-4EC2-BA3E-744211D079BA}.Release|Win32.ActiveCfg = Release|Win32
		{BF140911-F674-4EC2-BA3E-744211D079BA}.Release|Win32.Build.0 = Release|Win32
		{82A5620C-7793-43F2-BBEF-B22975AAB396}.Debug|Any CPU.ActiveCfg = Debug|Win32
		{82A5620C-7793-43F2-BBEF-B22975AAB396}.Debug|Mixed Platforms.ActiveCfg = Debug|Win32
		{82A5620C-7793-43F2-BBEF-B22975AAB396}.Debug|Mixed Platforms.Build.0 = Debug|Win32
		{82A5620C-7793-43F2-BBEF-B22975AAB396}.Debug|Win32.ActiveCfg = Debug|Win32
		{82A5620C-7793-43F2-BBEF-B22975AAB396}.Debug|Win32.Build.0 = Debug|Win32
		{82A5620C-7793-43F2-BBEF-B22975AAB396}.Release|Any CPU.ActiveCfg = Release|Win32
		{82A5620C-7793-43F2-BBEF-B22975AAB396}.Release|Mixed Platforms.ActiveCfg = Release|Win32
		{82A5620C-7793-43F2-BBEF-B22975AAB396}.Release|Mixed Platforms.Build.0 = Release|Win32
		{82A5620C-7793-43F2-BBEF-B22975AAB396}.Release|Win32.ActiveCfg = Release|Win32
		{82A5620C-7793-43F2-BBEF-B22975AAB396}.Release|Win32.Build.0 = Release|Win32
		{3BBD435D-B456-4CD1-8A7E-DE55BE0A7C6E}.Debug|Any CPU.ActiveCfg = Debug|Win32
		{3BBD435D-B456-4CD1-8A7E-DE55BE0A7C6E}.Debug|Mixed Platforms.ActiveCfg = Debug|Win32
		{3BBD435D-B456-4CD1-8A7E-DE55BE0A7C6E}.Debug|Mixed Platforms.Build.0 = Debug|Win32
		{3BBD435D-B456-4CD1-8A7E-DE55BE0A7C6E}.Debug|Win32.ActiveCfg = Debug|Win32
		{3BBD435D-B456-4CD1-8A7E-DE55BE0A7C6E}.Debug|Win32.Build.0 = Debug|Win32
		{3BBD435D-B456-4CD1-8A7E-DE55BE0A7C6E}.Release|Any CPU.ActiveCfg = Release|Win32
		{3BBD435D-B456-4CD1-8A7E-DE55BE0A7C6E}.Release|Mixed Platforms.ActiveCfg = Release|Win32
		{3BBD435D-B456-4CD1-8A7E-DE55BE0A7C6E}.Release|Mixed Platforms.Build.0 = Release|Win32
		{3BBD435D-B456-4CD1-8A7E-DE55BE0A7C6E}.Release|Win32.ActiveCfg = Release|Win32
		{3BBD435D-B456-4CD1-8A7E-DE55BE0A7C6E}.Release|Win32.Build.0 = Release|Win32
		{994DCD28-F80B-4AA7-8FE7-3BC1BACF834C}.Debug|Any CPU.ActiveCfg = Debug|Win32
		{994DCD28-F80B-4AA7-8FE7-3BC1BACF834C}.Debug|Mixed Platforms.ActiveCfg = Debug|Win32
		{994DCD28-F80B-4AA7-8FE7-3BC1BACF834C}.Debug|Mixed Platforms.Build.0 = Debug|Win32
		{994DCD28-F80B-4AA7-8FE7-3BC1BACF834C}.Debug|Win32.ActiveCfg = Debug|Win32
		{994DCD28-F80B-4AA7-8FE7-3BC1BACF834C}.Debug|Win32.Build.0 = Debug|Win32
		{994DCD28-F80B-4AA7-8FE7-3BC1BACF834C}.Release|Any CPU.ActiveCfg = Release|Win32
		{994DCD28-F80B-4AA7-8FE7-3BC1BACF834C}.Release|Mixed Platforms.ActiveCfg = Release|Win32
		{994DCD28-F80B-4AA7-8FE7-3BC1BACF834C}.Release|Mixed Platforms.Build.0 = Release|Win32
		{994DCD28-F80B-4AA7-8FE7-3BC1BACF834C}.Release|Win32.ActiveCfg = Release|Win32
		{994DCD28-F80B-4AA7-8FE7-3BC1BACF834C}.Release|Win32.Build.0 = Release|Win32
		{DB54250D-E9C5-4754-AA97-DA487B44C574}.Debug|Any CPU.ActiveCfg = Debug|Win32
		{DB54250D-E9C5-4754-AA97-DA487B44C574}.Debug|Mixed Platforms.ActiveCfg = Debug|Win32
		{DB54250D-E9C5-4754-AA97-DA487B44C574}.Debug|Mixed Platforms.Build.0 = Debug|Win32
		{DB54250D-E9C5-4754-AA97-DA487B44C574}.Debug|Win32.ActiveCfg = Debug|Win32
		{DB54250D-E9C5-4754-AA97-DA487B44C574}.Debug|Win32.Build.0 = Debug|Win32
		{DB54250D-E9C5-4754-AA97-DA487B44C574}.Release|Any CPU.ActiveCfg = Release|Win32
		{DB54250D-E9C5-4754-AA97-DA487B44C574}.Release|Mixed Platforms.ActiveCfg = Release|Win32
		{DB54250D-E9C5-4754-AA97-DA487B44C574}.Release|Mixed Platforms.Build.0 = Release|Win32
		{DB54250D-E9C5-4754-AA97-DA487B44C574}.Release|Win32.ActiveCfg = Release|Win32
		{DB54250D-E9C5-4754-AA97-DA487B44C574}.Release|Win32.Build.0 = Release|Win32
		{7785D217-0219-4A75-AA42-0ED80E70413F}.Debug|Any CPU.ActiveCfg = Debug|Win32
		{7785D217-0219-4A75-AA42-0ED80E70413F}.Debug|Mixed Platforms.ActiveCfg = Debug|Win32
		{7785D217-0219-4A75-AA42-0ED80E70413F}.Debug|Mixed Platforms.Build.0 = Debug|Win32
		{7785D217-0219-4A75-AA42-0ED80E70413F}.Debug|Win32.ActiveCfg = Debug|Win32
		{7785D217-0219-4A75-AA42-0ED80E70413F}.Debug|Win32.Build.0 = Debug|Win32
		{7785D217-0219-4A75-AA42-0ED80E70413F}.Release|Any CPU.ActiveCfg = Release|Win32
		{7785D217-0219-4A75-AA42-0ED80E70413F}.Release|Mixed Platforms.ActiveCfg = Release|Win32
		{7785D217-0219-4A75-AA42-0ED80E70413F}.Release|Mixed Platforms.Build.0 = Release|Win32
		{7785D217-0219-4A75-AA42-0ED80E70413F}.Release|Win32.ActiveCfg = Release|Win32
		{7785D217-0219-4A75-AA42-0ED80E70413F}.Release|Win32.Build.0 = Release|Win32
		{0A0251E1-D380-40FB-B6B2-3E42BE735F15}.Debug|Any CPU.ActiveCfg = Debug|Win32
		{0A0251E1-D380-40FB-B6B2-3E42BE735F15}.Debug|Mixed Platforms.ActiveCfg = Debug|Win32
		{0A0251E1-D380-40FB-B6B2-3E42BE735F15}.Debug|Mixed Platforms.Build.0 = Debug|Win32
		{0A0251E1-D380-40FB-B6B2-3E42BE735F15}.Debug|Win32.ActiveCfg = Debug|Win32
		{0A0251E1-D380-40FB-B6B2-3E42BE735F15}.Debug|Win32.Build.0 = Debug|Win32
		{0A0251E1-D380-40FB-B6B2-3E42BE735F15}.Release|Any CPU.ActiveCfg = Release|Win32
		{0A0251E1-D380-40FB-B6B2-3E42BE735F15}.Release|Mixed Platforms.ActiveCfg = Release|Win32
		{0A0251E1-D380-40FB-B6B2-3E42BE735F15}.Release|Mixed Platforms.Build.0 = Release|Win32
		{0A0251E1-D380-40FB-B6B2-3E42BE735F15}.Release|Win32.ActiveCfg = Release|Win32
		{0A0251E1-D380-40FB-B6B2-3E42BE735F15}.Release|Win32.Build.0 = Release|Win32
		{8D4CF0C3-89C7-49B6-929E-C3DA9D049F5B}.Debug|Any CPU.ActiveCfg = Debug|Win32
		{8D4CF0C3-89C7-49B6-929E-C3DA9D049F5B}.Debug|Mixed Platforms.ActiveCfg = Debug|Win32
		{8D4CF0C3-89C7-49B6-929E-C3DA9D049F5B}.Debug|Mixed Platforms.Build.0 = Debug|Win32
		{8D4CF0C3-89C7-49B6-929E-C3DA9D049F5B}.Debug|Win32.ActiveCfg = Debug|Win32
		{8D4CF0C3-89C7-49B6-929E-C3DA9D049F5B}.Debug|Win32.Build.0 = Debug|Win32
		{8D4CF0C3-89C7-49B6-929E-C3DA9D049F5B}.Release|Any CPU.ActiveCfg = Release|Win32
		{8D4CF0C3-89C7-49B6-929E-C3DA9D049F5B}.Release|Mixed Platforms.ActiveCfg = Release|Win32
		{8D4CF0C3-89C7-49B6-929E-C3DA9D049F5B}.Release|Mixed Platforms.Build.0 = Release|Win32
		{8D4CF0C3-89C7-49B6-929E-C3DA9D049F5B}.Release|Win32.ActiveCfg = Release|Win32
		{8D4CF0C3-89C7-49B6-929E-C3DA9D049F5B}.Release|Win32.Build.0 = Release|Win32
		{CDED1B9D-89B6-4BBF-99A5-B98D16BDDBF5}.Debug|Any CPU.ActiveCfg = Debug|Win32
		{CDED1B9D-89B6-4BBF-99A5-B98D16BDDBF5}.Debug|Mixed Platforms.ActiveCfg = Debug|Win32
		{CDED1B9D-89B6-4BBF-99A5-B98D16BDDBF5}.Debug|Mixed Platforms.Build.0 = Debug|Win32
		{CDED1B9D-89B6-4BBF-99A5-B98D16BDDBF5}.Debug|Win32.ActiveCfg = Debug|Win32
		{CDED1B9D-89B6-4BBF-99A5-B98D16BDDBF5}.Debug|Win32.Build.0 = Debug|Win32
		{CDED1B9D-89B6-4BBF-99A5-B98D16BDDBF5}.Release|Any CPU.ActiveCfg = Release|Win32
		{CDED1B9D-89B6-4BBF-99A5-B98D16BDDBF5}.Release|Mixed Platforms.ActiveCfg = Release|Win32
		{CDED1B9D-89B6-4BBF-99A5-B98D16BDDBF5}.Release|Mixed Platforms.Build.0 = Release|Win32
		{CDED1B9D-89B6-4BBF-99A5-B98D16BDDBF5}.Release|Win32.ActiveCfg = Release|Win32
		{CDED1B9D-89B6-4BBF-99A5-B98D16BDDBF5}.Release|Win32.Build.0 = Release|Win32
		{74A7671D-8EBA-4B02-9198-FC9DA76858BF}.Debug|Any CPU.ActiveCfg = Debug|Win32
		{74A7671D-8EBA-4B02-9198-FC9DA76858BF}.Debug|Mixed Platforms.ActiveCfg = Debug|Win32
		{74A7671D-8EBA-4B02-9198-FC9DA76858BF}.Debug|Mixed Platforms.Build.0 = Debug|Win32
		{74A7671D-8EBA-4B02-9198-FC9DA76858BF}.Debug|Win32.ActiveCfg = Debug|Win32
		{74A7671D-8EBA-4B02-9198-FC9DA76858BF}.Debug|Win32.Build.0 = Debug|Win32
		{74A7671D-8EBA-4B02-9198-FC9DA76858BF}.Release|Any CPU.ActiveCfg = Release|Win32
		{74A7671D-8EBA-4B02-9198-FC9DA76858BF}.Release|Mixed Platforms.ActiveCfg = Release|Win32
		{74A7671D-8EBA-4B02-9198-FC9DA76858BF}.Release|Mixed Platforms.Build.0 = Release|Win32
		{74A7671D-8EBA-4B02-9198-FC9DA76858BF}.Release|Win32.ActiveCfg = Release|Win32
		{74A7671D-8EBA-4B02-9198-FC9DA76858BF}.Release|Win32.Build.0 = Release|Win32
		{F88D149A-6FE9-40C1-B493-699DF6F705B7}.Debug|Any CPU.ActiveCfg = Debug|Win32
		{F88D149A-6FE9-40C1-B493-699DF6F705B7}.Debug|Mixed Platforms.ActiveCfg = Debug|Win32
		{F88D149A-6FE9-40C1-B493-699DF6F705B7}.Debug|Mixed Platforms.Build.0 = Debug|Win32
		{F88D149A-6FE9-40C1-B493-699DF6F705B7}.Debug|Win32.ActiveCfg = Debug|Win32
		{F88D149A-6FE9-40C1-B493-699DF6F705B7}.Debug|Win32.Build.0 = Debug|Win32
		{F88D149A-6FE9-40C1-B493-699DF6F705B7}.Release|Any CPU.ActiveCfg = Release|Win32
		{F88D149A-6FE9-40C1-B493-699DF6F705B7}.Release|Mixed Platforms.ActiveCfg = Release|Win32
		{F88D149A-6FE9-40C1-B493-699DF6F705B7}.Release|Mixed Platforms.Build.0 = Release|Win32
		{F88D149A-6FE9-40C1-B493-699DF6F705B7}.Release|Win32.ActiveCfg = Release|Win32
		{F88D149A-6FE9-40C1-B493-699DF6F705B7}.Release|Win32.Build.0 = Release|Win32
		{E0A004A3-5B4A-414E-A7BE-4E5D44608C00}.Debug|Any CPU.ActiveCfg = Debug|Win32
		{E0A004A3-5B4A-414E-A7BE-4E5D44608C00}.Debug|Mixed Platforms.ActiveCfg = Debug|Win32
		{E0A004A3-5B4A-414E-A7BE-4E5D44608C00}.Debug|Mixed Platforms.Build.0 = Debug|Win32
		{E0A004A3-5B4A-414E-A7BE-4E5D44608C00}.Debug|Win32.ActiveCfg = Debug|Win32
		{E0A004A3-5B4A-414E-A7BE-4E5D44608C00}.Debug|Win32.Build.0 = Debug|Win32
		{E0A004A3-5B4A-414E-A7BE-4E5D44608C00}.Release|Any CPU.ActiveCfg = Release|Win32
		{E0A004A3-5B4A-414E-A7BE-4E5D44608C00}.Release|Mixed Platforms.ActiveCfg = Release|Win32
		{E0A004A3-5B4A-414E-A7BE-4E5D44608C00}.Release|Mixed Platforms.Build.0 = Release|Win32
		{E0A004A3-5B4A-414E-A7BE-4E5D44608C00}.Release|Win32.ActiveCfg = Release|Win32
		{E0A004A3-5B4A-414E-A7BE-4E5D44608C00}.Release|Win32.Build.0 = Release|Win32
		{FAD3F437-A35A-4511-A57E-34B8EAC5D861}.Debug|Any CPU.ActiveCfg = Debug|Win32
		{FAD3F437-A35A-4511-A57E-34B8EAC5D861}.Debug|Mixed Platforms.ActiveCfg = Debug|Win32
		{FAD3F437-A35A-4511-A57E-34B8EAC5D861}.Debug|Mixed Platforms.Build.0 = Debug|Win32
		{FAD3F437-A35A-4511-A57E-34B8EAC5D861}.Debug|Win32.ActiveCfg = Debug|Win32
		{FAD3F437-A35A-4511-A57E-34B8EAC5D861}.Debug|Win32.Build.0 = Debug|Win32
		{FAD3F437-A35A-4511-A57E-34B8EAC5D861}.Release|Any CPU.ActiveCfg = Release|Win32
		{FAD3F437-A35A-4511-A57E-34B8EAC5D861}.Release|Mixed Platforms.ActiveCfg = Release|Win32
		{FAD3F437-A35A-4511-A57E-34B8EAC5D861}.Release|Mixed Platforms.Build.0 = Release|Win32
		{FAD3F437-A35A-4511-A57E-34B8EAC5D861}.Release|Win32.ActiveCfg = Release|Win32
		{FAD3F437-A35A-4511-A57E-34B8EAC5D861}.Release|Win32.Build.0 = Release|Win32
		{70FB67A8-B2DD-4E9B-88A0-9E1BF36491FB}.Debug|Any CPU.ActiveCfg = Debug|Win32
		{70FB67A8-B2DD-4E9B-88A0-9E1BF36491FB}.Debug|Mixed Platforms.ActiveCfg = Debug|Win32
		{70FB67A8-B2DD-4E9B-88A0-9E1BF36491FB}.Debug|Mixed Platforms.Build.0 = Debug|Win32
		{70FB67A8-B2DD-4E9B-88A0-9E1BF36491FB}.Debug|Win32.ActiveCfg = Debug|Win32
		{70FB67A8-B2DD-4E9B-88A0-9E1BF36491FB}.Debug|Win32.Build.0 = Debug|Win32
		{70FB67A8-B2DD-4E9B-88A0-9E1BF36491FB}.Release|Any CPU.ActiveCfg = Release|Win32
		{70FB67A8-B2DD-4E9B-88A0-9E1BF36491FB}.Release|Mixed Platforms.ActiveCfg = Release|Win32
		{70FB67A8-B2DD-4E9B-88A0-9E1BF36491FB}.Release|Mixed Platforms.Build.0 = Release|Win32
		{70FB67A8-B2DD-4E9B-88A0-9E1BF36491FB}.Release|Win32.ActiveCfg = Release|Win32
		{70FB67A8-B2DD-4E9B-88A0-9E1BF36491FB}.Release|Win32.Build.0 = Release|Win32
		{3D75B641-77E3-4481-91A0-09AE3674F432}.Debug|Any CPU.ActiveCfg = Debug|Win32
		{3D75B641-77E3-4481-91A0-09AE3674F432}.Debug|Mixed Platforms.ActiveCfg = Debug|Win32
		{3D75B641-77E3-4481-91A0-09AE3674F432}.Debug|Mixed Platforms.Build.0 = Debug|Win32
		{3D75B641-77E3-4481-91A0-09AE3674F432}.Debug|Win32.ActiveCfg = Debug|Win32
		{3D75B641-77E3-4481-91A0-09AE3674F432}.Debug|Win32.Build.0 = Debug|Win32
		{3D75B641-77E3-4481-91A0-09AE3674F432}.Release|Any CPU.ActiveCfg = Release|Win32
		{3D75B641-77E3-4481-91A0-09AE3674F432}.Release|Mixed Platforms.ActiveCfg = Release|Win32
		{3D75B641-77E3-4481-91A0-09AE3674F432}.Release|Mixed Platforms.Build.0 = Release|Win32
		{3D75B641-77E3-4481-91A0-09AE3674F432}.Release|Win32.ActiveCfg = Release|Win32
		{3D75B641-77E3-4481-91A0-09AE3674F432}.Release|Win32.Build.0 = Release|Win32
		{FCA548A1-9A89-4187-8221-37D983504CF1}.Debug|Any CPU.ActiveCfg = Debug|Win32
		{FCA548A1-9A89-4187-8221-37D983504CF1}.Debug|Mixed Platforms.ActiveCfg = Debug|Win32
		{FCA548A1-9A89-4187-8221-37D983504CF1}.Debug|Mixed Platforms.Build.0 = Debug|Win32
		{FCA548A1-9A89-4187-8221-37D983504CF1}.Debug|Win32.ActiveCfg = Debug|Win32
		{FCA548A1-9A89-4187-8221-37D983504CF1}.Debug|Win32.Build.0 = Debug|Win32
		{FCA548A1-9A89-4187-8221-37D983504CF1}.Release|Any CPU.ActiveCfg = Release|Win32
		{FCA548A1-9A89-4187-8221-37D983504CF1}.Release|Mixed Platforms.ActiveCfg = Release|Win32
		{FCA548A1-9A89-4187-8221-37D983504CF1}.Release|Mixed Platforms.Build.0 = Release|Win32
		{FCA548A1-9A89-4187-8221-37D983504CF1}.Release|Win32.ActiveCfg = Release|Win32
		{FCA548A1-9A89-4187-8221-37D983504CF1}.Release|Win32.Build.0 = Release|Win32
		{410D2382-A24D-423D-93E9-0750FB75C654}.Debug|Any CPU.ActiveCfg = Debug|Win32
		{410D2382-A24D-423D-93E9-0750FB75C654}.Debug|Mixed Platforms.ActiveCfg = Debug|Win32
		{410D2382-A24D-423D-93E9-0750FB75C654}.Debug|Mixed Platforms.Build.0 = Debug|Win32
		{410D2382-A24D-423D-93E9-0750FB75C654}.Debug|Win32.ActiveCfg = Debug|Win32
		{410D2382-A24D-423D-93E9-0750FB75C654}.Debug|Win32.Build.0 = Debug|Win32
		{410D2382-A24D-423D-93E9-0750FB75C654}.Release|Any CPU.ActiveCfg = Release|Win32
		{410D2382-A24D-423D-93E9-0750FB75C654}.Release|Mixed Platforms.ActiveCfg = Release|Win32
		{410D2382-A24D-423D-93E9-0750FB75C654}.Release|Mixed Platforms.Build.0 = Release|Win32
		{410D2382-A24D-423D-93E9-0750FB75C654}.Release|Win32.ActiveCfg = Release|Win32
		{410D2382-A24D-423D-93E9-0750FB75C654}.Release|Win32.Build.0 = Release|Win32
		{B5C5C8C3-3332-4D49-8E8B-3F6A4C8EA0F5}.Debug|Any CPU.ActiveCfg = Debug|Win32
		{B5C5C8C3-3332-4D49-8E8B-3F6A4C8EA0F5}.Debug|Mixed Platforms.ActiveCfg = Debug|Win32
		{B5C5C8C3-3332-4D49-8E8B-3F6A4C8EA0F5}.Debug|Mixed Platforms.Build.0 = Debug|Win32
		{B5C5C8C3-3332-4D49-8E8B-3F6A4C8EA0F5}.Debug|Win32.ActiveCfg = Debug|Win32
		{B5C5C8C3-3332-4D49-8E8B-3F6A4C8EA0F5}.Debug|Win32.Build.0 = Debug|Win32
		{B5C5C8C3-3332-4D49-8E8B-3F6A4C8EA0F5}.Release|Any CPU.ActiveCfg = Release|Win32
		{B5C5C8C3-3332-4D49-8E8B-3F6A4C8EA0F5}.Release|Mixed Platforms.ActiveCfg = Release|Win32
		{B5C5C8C3-3332-4D49-8E8B-3F6A4C8EA0F5}.Release|Mixed Platforms.Build.0 = Release|Win32
		{B5C5C8C3-3332-4D49-8E8B-3F6A4C8EA0F5}.Release|Win32.ActiveCfg = Release|Win32
		{B5C5C8C3-3332-4D49-8E8B-3F6A4C8EA0F5}.Release|Win32.Build.0 = Release|Win32
		{31002551-08A2-430E-86EA-77A1F6BA09AB}.Debug|Any CPU.ActiveCfg = Debug|Win32
		{31002551-08A2-430E-86EA-77A1F6BA09AB}.Debug|Mixed Platforms.ActiveCfg = Debug|Win32
		{31002551-08A2-430E-86EA-77A1F6BA09AB}.Debug|Mixed Platforms.Build.0 = Debug|Win32
		{31002551-08A2-430E-86EA-77A1F6BA09AB}.Debug|Win32.ActiveCfg = Debug|Win32
		{31002551-08A2-430E-86EA-77A1F6BA09AB}.Debug|Win32.Build.0 = Debug|Win32
		{31002551-08A2-430E-86EA-77A1F6BA09AB}.Release|Any CPU.ActiveCfg = Release|Win32
		{31002551-08A2-430E-86EA-77A1F6BA09AB}.Release|Mixed Platforms.ActiveCfg = Release|Win32
		{31002551-08A2-430E-86EA-77A1F6BA09AB}.Release|Mixed Platforms.Build.0 = Release|Win32
		{31002551-08A2-430E-86EA-77A1F6BA09AB}.Release|Win32.ActiveCfg = Release|Win32
		{31002551-08A2-430E-86EA-77A1F6BA09AB}.Release|Win32.Build.0 = Release|Win32
		{BDCE4547-DB11-468D-B601-F8679C639696}.Debug|Any CPU.ActiveCfg = Debug|Win32
		{BDCE4547-DB11-468D-B601-F8679C639696}.Debug|Mixed Platforms.ActiveCfg = Debug|Win32
		{BDCE4547-DB11-468D-B601-F8679C639696}.Debug|Mixed Platforms.Build.0 = Debug|Win32
		{BDCE4547-DB11-468D-B601-F8679C639696}.Debug|Win32.ActiveCfg = Debug|Win32
		{BDCE4547-DB11-468D-B601-F8679C639696}.Debug|Win32.Build.0 = Debug|Win32
		{BDCE4547-DB11-468D-B601-F8679C639696}.Release|Any CPU.ActiveCfg = Release|Win32
		{BDCE4547-DB11-468D-B601-F8679C639696}.Release|Mixed Platforms.ActiveCfg = Release|Win32
		{BDCE4547-DB11-468D-B601-F8679C639696}.Release|Mixed Platforms.Build.0 = Release|Win32
		{BDCE4547-DB11-468D-B601-F8679C639696}.Release|Win32.ActiveCfg = Release|Win32
		{BDCE4547-DB11-468D-B601-F8679C639696}.Release|Win32.Build.0 = Release|Win32
		{9CCF8372-7EBF-43E0-8681-AF0F885B8807}.Debug|Any CPU.ActiveCfg = Debug|Win32
		{9CCF8372-7EBF-43E0-8681-AF0F885B8807}.Debug|Mixed Platforms.ActiveCfg = Debug|Win32
		{9CCF8372-7EBF-43E0-8681-AF0F885B8807}.Debug|Mixed Platforms.Build.0 = Debug|Win32
		{9CCF8372-7EBF-43E0-8681-AF0F885B8807}.Debug|Win32.ActiveCfg = Debug|Win32
		{9CCF8372-7EBF-43E0-8681-AF0F885B8807}.Debug|Win32.Build.0 = Debug|Win32
		{9CCF8372-7EBF-43E0-8681-AF0F885B8807}.Release|Any CPU.ActiveCfg = Release|Win32
		{9CCF8372-7EBF-43E0-8681-AF0F885B8807}.Release|Mixed Platforms.ActiveCfg = Release|Win32
		{9CCF8372-7EBF-43E0-8681-AF0F885B8807}.Release|Mixed Platforms.Build.0 = Release|Win32
		{9CCF8372-7EBF-43E0-8681-AF0F885B8807}.Release|Win32.ActiveCfg = Release|Win32
		{9CCF8372-7EBF-43E0-8681-AF0F885B8807}.Release|Win32.Build.0 = Release|Win32
		{7344BC82-730A-4B4B-9371-0E09D3638125}.Debug|Any CPU.ActiveCfg = Debug|Win32
		{7344BC82-730A-4B4B-9371-0E09D3638125}.Debug|Mixed Platforms.ActiveCfg = Debug|Win32
		{7344BC82-730A-4B4B-9371-0E09D3638125}.Debug|Mixed Platforms.Build.0 = Debug|Win32
		{7344BC82-730A-4B4B-9371-0E09D3638125}.Debug|Win32.ActiveCfg = Debug|Win32
		{7344BC82-730A-4B4B-9371-0E09D3638125}.Debug|Win32.Build.0 = Debug|Win32
		{7344BC82-730A-4B4B-9371-0E09D3638125}.Release|Any CPU.ActiveCfg = Release|Win32
		{7344BC82-730A-4B4B-9371-0E09D3638125}.Release|Mixed Platforms.ActiveCfg = Release|Win32
		{7344BC82-730A-4B4B-9371-0E09D3638125}.Release|Mixed Platforms.Build.0 = Release|Win32
		{7344BC82-730A-4B4B-9371-0E09D3638125}.Release|Win32.ActiveCfg = Release|Win32
		{7344BC82-730A-4B4B-9371-0E09D3638125}.Release|Win32.Build.0 = Release|Win32
		{DA5FA3BF-5E45-4693-91D6-56D45165D1DB}.Debug|Any CPU.ActiveCfg = Debug|Win32
		{DA5FA3BF-5E45-4693-91D6-56D45165D1DB}.Debug|Mixed Platforms.ActiveCfg = Debug|Win32
		{DA5FA3BF-5E45-4693-91D6-56D45165D1DB}.Debug|Mixed Platforms.Build.0 = Debug|Win32
		{DA5FA3BF-5E45-4693-91D6-56D45165D1DB}.Debug|Win32.ActiveCfg = Debug|Win32
		{DA5FA3BF-5E45-4693-91D6-56D45165D1DB}.Debug|Win32.Build.0 = Debug|Win32
		{DA5FA3BF-5E45-4693-91D6-56D45165D1DB}.Release|Any CPU.ActiveCfg = Release|Win32
		{DA5FA3BF-5E45-4693-91D6-56D45165D1DB}.Release|Mixed Platforms.ActiveCfg = Release|Win32
		{DA5FA3BF-5E45-4693-91D6-56D45165D1DB}.Release|Mixed Platforms.Build.0 = Release|Win32
		{DA5FA3BF-5E45-4693-91D6-56D45165D1DB}.Release|Win32.ActiveCfg = Release|Win32
		{DA5FA3BF-5E45-4693-91D6-56D45165D1DB}.Release|Win32.Build.0 = Release|Win32
		{691E066C-2225-40BC-BB18-32BCC0DD6D77}.Debug|Any CPU.ActiveCfg = Debug|Win32
		{691E066C-2225-40BC-BB18-32BCC0DD6D77}.Debug|Mixed Platforms.ActiveCfg = Debug|Win32
		{691E066C-2225-40BC-BB18-32BCC0DD6D77}.Debug|Mixed Platforms.Build.0 = Debug|Win32
		{691E066C-2225-40BC-BB18-32BCC0DD6D77}.Debug|Win32.ActiveCfg = Debug|Win32
		{691E066C-2225-40BC-BB18-32BCC0DD6D77}.Debug|Win32.Build.0 = Debug|Win32
		{691E066C-2225-40BC-BB18-32BCC0DD6D77}.Release|Any CPU.ActiveCfg = Release|Win32
		{691E066C-2225-40BC-BB18-32BCC0DD6D77}.Release|Mixed Platforms.ActiveCfg = Release|Win32
		{691E066C-2225-40BC-BB18-32BCC0DD6D77}.Release|Mixed Platforms.Build.0 = Release|Win32
		{691E066C-2225-40BC-BB18-32BCC0DD6D77}.Release|Win32.ActiveCfg = Release|Win32
		{691E066C-2225-40BC-BB18-32BCC0DD6D77}.Release|Win32.Build.0 = Release|Win32
		{42F3A891-CA4D-42F6-B87D-401854E4BF2E}.Debug|Any CPU.ActiveCfg = Debug|Win32
		{42F3A891-CA4D-42F6-B87D-401854E4BF2E}.Debug|Mixed Platforms.ActiveCfg = Debug|Win32
		{42F3A891-CA4D-42F6-B87D-401854E4BF2E}.Debug|Mixed Platforms.Build.0 = Debug|Win32
		{42F3A891-CA4D-42F6-B87D-401854E4BF2E}.Debug|Win32.ActiveCfg = Debug|Win32
		{42F3A891-CA4D-42F6-B87D-401854E4BF2E}.Debug|Win32.Build.0 = Debug|Win32
		{42F3A891-CA4D-42F6-B87D-401854E4BF2E}.Release|Any CPU.ActiveCfg = Release|Win32
		{42F3A891-CA4D-42F6-B87D-401854E4BF2E}.Release|Mixed Platforms.ActiveCfg = Release|Win32
		{42F3A891-CA4D-42F6-B87D-401854E4BF2E}.Release|Mixed Platforms.Build.0 = Release|Win32
		{42F3A891-CA4D-42F6-B87D-401854E4BF2E}.Release|Win32.ActiveCfg = Release|Win32
		{42F3A891-CA4D-42F6-B87D-401854E4BF2E}.Release|Win32.Build.0 = Release|Win32
		{455D6A86-ED47-4A91-B759-2DA9D01A5C2F}.Debug|Any CPU.ActiveCfg = Debug|Win32
		{455D6A86-ED47-4A91-B759-2DA9D01A5C2F}.Debug|Mixed Platforms.ActiveCfg = Debug|Win32
		{455D6A86-ED47-4A91-B759-2DA9D01A5C2F}.Debug|Mixed Platforms.Build.0 = Debug|Win32
		{455D6A86-ED47-4A91-B759-2DA9D01A5C2F}.Debug|Win32.ActiveCfg = Debug|Win32
		{455D6A86-ED47-4A91-B759-2DA9D01A5C2F}.Debug|Win32.Build.0 = Debug|Win32
		{455D6A86-ED47-4A91-B759-2DA9D01A5C2F}.Release|Any CPU.ActiveCfg = Release|Win32
		{455D6A86-ED47-4A91-B759-2DA9D01A5C2F}.Release|Mixed Platforms.ActiveCfg = Release|Win32
		{455D6A86-ED47-4A91-B759-2DA9D01A5C2F}.Release|Mixed Platforms.Build.0 = Release|Win32
		{455D6A86-ED47-4A91-B759-2DA9D01A5C2F}.Release|Win32.ActiveCfg = Release|Win32
		{455D6A86-ED47-4A91-B759-2DA9D01A5C2F}.Release|Win32.Build.0 = Release|Win32
		{9F2F5135-9895-4414-959B-26CA6FD26466}.Debug|Any CPU.ActiveCfg = Debug|Win32
		{9F2F5135-9895-4414-959B-26CA6FD26466}.Debug|Mixed Platforms.ActiveCfg = Debug|Win32
		{9F2F5135-9895-4414-959B-26CA6FD26466}.Debug|Mixed Platforms.Build.0 = Debug|Win32
		{9F2F5135-9895-4414-959B-26CA6FD26466}.Debug|Win32.ActiveCfg = Debug|Win32
		{9F2F5135-9895-4414-959B-26CA6FD26466}.Debug|Win32.Build.0 = Debug|Win32
		{9F2F5135-9895-4414-959B-26CA6FD26466}.Release|Any CPU.ActiveCfg = Release|Win32
		{9F2F5135-9895-4414-959B-26CA6FD26466}.Release|Mixed Platforms.ActiveCfg = Release|Win32
		{9F2F5135-9895-4414-959B-26CA6FD26466}.Release|Mixed Platforms.Build.0 = Release|Win32
		{9F2F5135-9895-4414-959B-26CA6FD26466}.Release|Win32.ActiveCfg = Release|Win32
		{9F2F5135-9895-4414-959B-26CA6FD26466}.Release|Win32.Build.0 = Release|Win32
		{3F7E6D50-B0CF-4AF4-912C-E9E5AC904BAD}.Debug|Any CPU.ActiveCfg = Debug|Win32
		{3F7E6D50-B0CF-4AF4-912C-E9E5AC904BAD}.Debug|Mixed Platforms.ActiveCfg = Debug|Win32
		{3F7E6D50-B0CF-4AF4-912C-E9E5AC904BAD}.Debug|Mixed Platforms.Build.0 = Debug|Win32
		{3F7E6D50-B0CF-4AF4-912C-E9E5AC904BAD}.Debug|Win32.ActiveCfg = Debug|Win32
		{3F7E6D50-B0CF-4AF4-912C-E9E5AC904BAD}.Debug|Win32.Build.0 = Debug|Win32
		{3F7E6D50-B0CF-4AF4-912C-E9E5AC904BAD}.Release|Any CPU.ActiveCfg = Release|Win32
		{3F7E6D50-B0CF-4AF4-912C-E9E5AC904BAD}.Release|Mixed Platforms.ActiveCfg = Release|Win32
		{3F7E6D50-B0CF-4AF4-912C-E9E5AC904BAD}.Release|Mixed Platforms.Build.0 = Release|Win32
		{3F7E6D50-B0CF-4AF4-912C-E9E5AC904BAD}.Release|Win32.ActiveCfg = Release|Win32
		{3F7E6D50-B0CF-4AF4-912C-E9E5AC904BAD}.Release|Win32.Build.0 = Release|Win32
		{650AF3B7-E42B-44F8-905F-D3BBE56435A7}.Debug|Any CPU.ActiveCfg = Debug|Win32
		{650AF3B7-E42B-44F8-905F-D3BBE56435A7}.Debug|Mixed Platforms.ActiveCfg = Debug|Win32
		{650AF3B7-E42B-44F8-905F-D3BBE56435A7}.Debug|Mixed Platforms.Build.0 = Debug|Win32
		{650AF3B7-E42B-44F8-905F-D3BBE56435A7}.Debug|Win32.ActiveCfg = Debug|Win32
		{650AF3B7-E42B-44F8-905F-D3BBE56435A7}.Debug|Win32.Build.0 = Debug|Win32
		{650AF3B7-E42B-44F8-905F-D3BBE56435A7}.Release|Any CPU.ActiveCfg = Release|Win32
		{650AF3B7-E42B-44F8-905F-D3BBE56435A7}.Release|Mixed Platforms.ActiveCfg = Release|Win32
		{650AF3B7-E42B-44F8-905F-D3BBE56435A7}.Release|Mixed Platforms.Build.0 = Release|Win32
		{650AF3B7-E42B-44F8-905F-D3BBE56435A7}.Release|Win32.ActiveCfg = Release|Win32
		{650AF3B7-E42B-44F8-905F-D3BBE56435A7}.Release|Win32.Build.0 = Release|Win32
		{9A5FE32F-5EE0-4789-9F47-E283DA061D02}.Debug|Any CPU.ActiveCfg = Debug|Win32
		{9A5FE32F-5EE0-4789-9F47-E283DA061D02}.Debug|Mixed Platforms.ActiveCfg = Debug|Win32
		{9A5FE32F-5EE0-4789-9F47-E283DA061D02}.Debug|Mixed Platforms.Build.0 = Debug|Win32
		{9A5FE32F-5EE0-4789-9F47-E283DA061D02}.Debug|Win32.ActiveCfg = Debug|Win32
		{9A5FE32F-5EE0-4789-9F47-E283DA061D02}.Debug|Win32.Build.0 = Debug|Win32
		{9A5FE32F-5EE0-4789-9F47-E283DA061D02}.Release|Any CPU.ActiveCfg = Release|Win32
		{9A5FE32F-5EE0-4789-9F47-E283DA061D02}.Release|Mixed Platforms.ActiveCfg = Release|Win32
		{9A5FE32F-5EE0-4789-9F47-E283DA061D02}.Release|Mixed Platforms.Build.0 = Release|Win32
		{9A5FE32F-5EE0-4789-9F47-E283DA061D02}.Release|Win32.ActiveCfg = Release|Win32
		{9A5FE32F-5EE0-4789-9F47-E283DA061D02}.Release|Win32.Build.0 = Release|Win32
		{1CBEEE3D-763D-4305-BB75-5DA311F9CF75}.Debug|Any CPU.ActiveCfg = Debug|Win32
		{1CBEEE3D-763D-4305-BB75-5DA311F9CF75}.Debug|Mixed Platforms.ActiveCfg = Debug|Win32
		{1CBEEE3D-763D-4305-BB75-5DA311F9CF75}.Debug|Mixed Platforms.Build.0 = Debug|Win32
		{1CBEEE3D-763D-4305-BB75-5DA311F9CF75}.Debug|Win32.ActiveCfg = Debug|Win32
		{1CBEEE3D-763D-4305-BB75-5DA311F9CF75}.Debug|Win32.Build.0 = Debug|Win32
		{1CBEEE3D-763D-4305-BB75-5DA311F9CF75}.Release|Any CPU.ActiveCfg = Release|Win32
		{1CBEEE3D-763D-4305-BB75-5DA311F9CF75}.Release|Mixed Platforms.ActiveCfg = Release|Win32
		{1CBEEE3D-763D-4305-BB75-5DA311F9CF75}.Release|Mixed Platforms.Build.0 = Release|Win32
		{1CBEEE3D-763D-4305-BB75-5DA311F9CF75}.Release|Win32.ActiveCfg = Release|Win32
		{1CBEEE3D-763D-4305-BB75-5DA311F9CF75}.Release|Win32.Build.0 = Release|Win32
		{27042931-F7E0-456D-A590-66A1F53DADD7}.Debug|Any CPU.ActiveCfg = Debug|Win32
		{27042931-F7E0-456D-A590-66A1F53DADD7}.Debug|Mixed Platforms.ActiveCfg = Debug|Win32
		{27042931-F7E0-456D-A590-66A1F53DADD7}.Debug|Mixed Platforms.Build.0 = Debug|Win32
		{27042931-F7E0-456D-A590-66A1F53DADD7}.Debug|Win32.ActiveCfg = Debug|Win32
		{27042931-F7E0-456D-A590-66A1F53DADD7}.Debug|Win32.Build.0 = Debug|Win32
		{27042931-F7E0-456D-A590-66A1F53DADD7}.Release|Any CPU.ActiveCfg = Release|Win32
		{27042931-F7E0-456D-A590-66A1F53DADD7}.Release|Mixed Platforms.ActiveCfg = Release|Win32
		{27042931-F7E0-456D-A590-66A1F53DADD7}.Release|Mixed Platforms.Build.0 = Release|Win32
		{27042931-F7E0-456D-A590-66A1F53DADD7}.Release|Win32.ActiveCfg = Release|Win32
		{27042931-F7E0-456D-A590-66A1F53DADD7}.Release|Win32.Build.0 = Release|Win32
		{FE84BA15-34D7-44DE-A94C-354D0F5E522A}.Debug|Any CPU.ActiveCfg = Debug|Win32
		{FE84BA15-34D7-44DE-A94C-354D0F5E522A}.Debug|Mixed Platforms.ActiveCfg = Debug|Win32
		{FE84BA15-34D7-44DE-A94C-354D0F5E522A}.Debug|Mixed Platforms.Build.0 = Debug|Win32
		{FE84BA15-34D7-44DE-A94C-354D0F5E522A}.Debug|Win32.ActiveCfg = Debug|Win32
		{FE84BA15-34D7-44DE-A94C-354D0F5E522A}.Debug|Win32.Build.0 = Debug|Win32
		{FE84BA15-34D7-44DE-A94C-354D0F5E522A}.Release|Any CPU.ActiveCfg = Release|Win32
		{FE84BA15-34D7-44DE-A94C-354D0F5E522A}.Release|Mixed Platforms.ActiveCfg = Release|Win32
		{FE84BA15-34D7-44DE-A94C-354D0F5E522A}.Release|Mixed Platforms.Build.0 = Release|Win32
		{FE84BA15-34D7-44DE-A94C-354D0F5E522A}.Release|Win32.ActiveCfg = Release|Win32
		{FE84BA15-34D7-44DE-A94C-354D0F5E522A}.Release|Win32.Build.0 = Release|Win32
		{22F4EE4F-6F14-4776-A185-641008E78FF8}.Debug|Any CPU.ActiveCfg = Debug|Win32
		{22F4EE4F-6F14-4776-A185-641008E78FF8}.Debug|Mixed Platforms.ActiveCfg = Debug|Win32
		{22F4EE4F-6F14-4776-A185-641008E78FF8}.Debug|Mixed Platforms.Build.0 = Debug|Win32
		{22F4EE4F-6F14-4776-A185-641008E78FF8}.Debug|Win32.ActiveCfg = Debug|Win32
		{22F4EE4F-6F14-4776-A185-641008E78FF8}.Debug|Win32.Build.0 = Debug|Win32
		{22F4EE4F-6F14-4776-A185-641008E78FF8}.Release|Any CPU.ActiveCfg = Release|Win32
		{22F4EE4F-6F14-4776-A185-641008E78FF8}.Release|Mixed Platforms.ActiveCfg = Release|Win32
		{22F4EE4F-6F14-4776-A185-641008E78FF8}.Release|Mixed Platforms.Build.0 = Release|Win32
		{22F4EE4F-6F14-4776-A185-641008E78FF8}.Release|Win32.ActiveCfg = Release|Win32
		{22F4EE4F-6F14-4776-A185-641008E78FF8}.Release|Win32.Build.0 = Release|Win32
		{370D4766-3207-4D3E-91C9-BE9CE6EBB62A}.Debug|Any CPU.ActiveCfg = Debug|Win32
		{370D4766-3207-4D3E-91C9-BE9CE6EBB62A}.Debug|Mixed Platforms.ActiveCfg = Debug|Win32
		{370D4766-3207-4D3E-91C9-BE9CE6EBB62A}.Debug|Mixed Platforms.Build.0 = Debug|Win32
		{370D4766-3207-4D3E-91C9-BE9CE6EBB62A}.Debug|Win32.ActiveCfg = Debug|Win32
		{370D4766-3207-4D3E-91C9-BE9CE6EBB62A}.Debug|Win32.Build.0 = Debug|Win32
		{370D4766-3207-4D3E-91C9-BE9CE6EBB62A}.Release|Any CPU.ActiveCfg = Release|Win32
		{370D4766-3207-4D3E-91C9-BE9CE6EBB62A}.Release|Mixed Platforms.ActiveCfg = Release|Win32
		{370D4766-3207-4D3E-91C9-BE9CE6EBB62A}.Release|Mixed Platforms.Build.0 = Release|Win32
		{370D4766-3207-4D3E-91C9-BE9CE6EBB62A}.Release|Win32.ActiveCfg = Release|Win32
		{370D4766-3207-4D3E-91C9-BE9CE6EBB62A}.Release|Win32.Build.0 = Release|Win32
		{050FFCE9-6125-4564-BA71-6A22968FEBAA}.Debug|Any CPU.ActiveCfg = Debug|Win32
		{050FFCE9-6125-4564-BA71-6A22968FEBAA}.Debug|Mixed Platforms.ActiveCfg = Debug|Win32
		{050FFCE9-6125-4564-BA71-6A22968FEBAA}.Debug|Mixed Platforms.Build.0 = Debug|Win32
		{050FFCE9-6125-4564-BA71-6A22968FEBAA}.Debug|Win32.ActiveCfg = Debug|Win32
		{050FFCE9-6125-4564-BA71-6A22968FEBAA}.Debug|Win32.Build.0 = Debug|Win32
		{050FFCE9-6125-4564-BA71-6A22968FEBAA}.Release|Any CPU.ActiveCfg = Release|Win32
		{050FFCE9-6125-4564-BA71-6A22968FEBAA}.Release|Mixed Platforms.ActiveCfg = Release|Win32
		{050FFCE9-6125-4564-BA71-6A22968FEBAA}.Release|Mixed Platforms.Build.0 = Release|Win32
		{050FFCE9-6125-4564-BA71-6A22968FEBAA}.Release|Win32.ActiveCfg = Release|Win32
		{050FFCE9-6125-4564-BA71-6A22968FEBAA}.Release|Win32.Build.0 = Release|Win32
		{2BD5DB32-35E9-4FCC-BFF5-F9E3C4BC0411}.Debug|Any CPU.ActiveCfg = Debug|Win32
		{2BD5DB32-35E9-4FCC-BFF5-F9E3C4BC0411}.Debug|Mixed Platforms.ActiveCfg = Debug|Win32
		{2BD5DB32-35E9-4FCC-BFF5-F9E3C4BC0411}.Debug|Mixed Platforms.Build.0 = Debug|Win32
		{2BD5DB32-35E9-4FCC-BFF5-F9E3C4BC0411}.Debug|Win32.ActiveCfg = Debug|Win32
		{2BD5DB32-35E9-4FCC-BFF5-F9E3C4BC0411}.Debug|Win32.Build.0 = Debug|Win32
		{2BD5DB32-35E9-4FCC-BFF5-F9E3C4BC0411}.Release|Any CPU.ActiveCfg = Release|Win32
		{2BD5DB32-35E9-4FCC-BFF5-F9E3C4BC0411}.Release|Mixed Platforms.ActiveCfg = Release|Win32
		{2BD5DB32-35E9-4FCC-BFF5-F9E3C4BC0411}.Release|Mixed Platforms.Build.0 = Release|Win32
		{2BD5DB32-35E9-4FCC-BFF5-F9E3C4BC0411}.Release|Win32.ActiveCfg = Release|Win32
		{2BD5DB32-35E9-4FCC-BFF5-F9E3C4BC0411}.Release|Win32.Build.0 = Release|Win32
		{B44B6CFA-3D95-454B-9CD0-F38A0782AF57}.Debug|Any CPU.ActiveCfg = Debug|Win32
		{B44B6CFA-3D95-454B-9CD0-F38A0782AF57}.Debug|Mixed Platforms.ActiveCfg = Debug|Win32
		{B44B6CFA-3D95-454B-9CD0-F38A0782AF57}.Debug|Mixed Platforms.Build.0 = Debug|Win32
		{B44B6CFA-3D95-454B-9CD0-F38A0782AF57}.Debug|Win32.ActiveCfg = Debug|Win32
		{B44B6CFA-3D95-454B-9CD0-F38A0782AF57}.Debug|Win32.Build.0 = Debug|Win32
		{B44B6CFA-3D95-454B-9CD0-F38A0782AF57}.Release|Any CPU.ActiveCfg = Release|Win32
		{B44B6CFA-3D95-454B-9CD0-F38A0782AF57}.Release|Mixed Platforms.ActiveCfg = Release|Win32
		{B44B6CFA-3D95-454B-9CD0-F38A0782AF57}.Release|Mixed Platforms.Build.0 = Release|Win32
		{B44B6CFA-3D95-454B-9CD0-F38A0782AF57}.Release|Win32.ActiveCfg = Release|Win32
		{B44B6CFA-3D95-454B-9CD0-F38A0782AF57}.Release|Win32.Build.0 = Release|Win32
		{37858CBE-744C-4D2D-835B-A8E553F5BB55}.Debug|Any CPU.ActiveCfg = Debug|Win32
		{37858CBE-744C-4D2D-835B-A8E553F5BB55}.Debug|Mixed Platforms.ActiveCfg = Debug|Win32
		{37858CBE-744C-4D2D-835B-A8E553F5BB55}.Debug|Mixed Platforms.Build.0 = Debug|Win32
		{37858CBE-744C-4D2D-835B-A8E553F5BB55}.Debug|Win32.ActiveCfg = Debug|Win32
		{37858CBE-744C-4D2D-835B-A8E553F5BB55}.Debug|Win32.Build.0 = Debug|Win32
		{37858CBE-744C-4D2D-835B-A8E553F5BB55}.Release|Any CPU.ActiveCfg = Release|Win32
		{37858CBE-744C-4D2D-835B-A8E553F5BB55}.Release|Mixed Platforms.ActiveCfg = Release|Win32
		{37858CBE-744C-4D2D-835B-A8E553F5BB55}.Release|Mixed Platforms.Build.0 = Release|Win32
		{37858CBE-744C-4D2D-835B-A8E553F5BB55}.Release|Win32.ActiveCfg = Release|Win32
		{37858CBE-744C-4D2D-835B-A8E553F5BB55}.Release|Win32.Build.0 = Release|Win32
		{AF674C87-8933-4CDA-82CE-61C91942FF67}.Debug|Any CPU.ActiveCfg = Debug|Win32
		{AF674C87-8933-4CDA-82CE-61C91942FF67}.Debug|Mixed Platforms.ActiveCfg = Debug|Win32
		{AF674C87-8933-4CDA-82CE-61C91942FF67}.Debug|Mixed Platforms.Build.0 = Debug|Win32
		{AF674C87-8933-4CDA-82CE-61C91942FF67}.Debug|Win32.ActiveCfg = Debug|Win32
		{AF674C87-8933-4CDA-82CE-61C91942FF67}.Debug|Win32.Build.0 = Debug|Win32
		{AF674C87-8933-4CDA-82CE-61C91942FF67}.Release|Any CPU.ActiveCfg = Release|Win32
		{AF674C87-8933-4CDA-82CE-61C91942FF67}.Release|Mixed Platforms.ActiveCfg = Release|Win32
		{AF674C87-8933-4CDA-82CE-61C91942FF67}.Release|Mixed Platforms.Build.0 = Release|Win32
		{AF674C87-8933-4CDA-82CE-61C91942FF67}.Release|Win32.ActiveCfg = Release|Win32
		{AF674C87-8933-4CDA-82CE-61C91942FF67}.Release|Win32.Build.0 = Release|Win32
		{8F2F7C49-96D8-496D-911F-8AE0B0B7996D}.Debug|Any CPU.ActiveCfg = Debug|Win32
		{8F2F7C49-96D8-496D-911F-8AE0B0B7996D}.Debug|Mixed Platforms.ActiveCfg = Debug|Win32
		{8F2F7C49-96D8-496D-911F-8AE0B0B7996D}.Debug|Mixed Platforms.Build.0 = Debug|Win32
		{8F2F7C49-96D8-496D-911F-8AE0B0B7996D}.Debug|Win32.ActiveCfg = Debug|Win32
		{8F2F7C49-96D8-496D-911F-8AE0B0B7996D}.Debug|Win32.Build.0 = Debug|Win32
		{8F2F7C49-96D8-496D-911F-8AE0B0B7996D}.Release|Any CPU.ActiveCfg = Release|Win32
		{8F2F7C49-96D8-496D-911F-8AE0B0B7996D}.Release|Mixed Platforms.ActiveCfg = Release|Win32
		{8F2F7C49-96D8-496D-911F-8AE0B0B7996D}.Release|Mixed Platforms.Build.0 = Release|Win32
		{8F2F7C49-96D8-496D-911F-8AE0B0B7996D}.Release|Win32.ActiveCfg = Release|Win32
		{8F2F7C49-96D8-496D-911F-8AE0B0B7996D}.Release|Win32.Build.0 = Release|Win32
		{788F3ECB-2EAA-4D4B-B6EB-2D15B16C366A}.Debug|Any CPU.ActiveCfg = Debug|Win32
		{788F3ECB-2EAA-4D4B-B6EB-2D15B16C366A}.Debug|Mixed Platforms.ActiveCfg = Debug|Win32
		{788F3ECB-2EAA-4D4B-B6EB-2D15B16C366A}.Debug|Mixed Platforms.Build.0 = Debug|Win32
		{788F3ECB-2EAA-4D4B-B6EB-2D15B16C366A}.Debug|Win32.ActiveCfg = Debug|Win32
		{788F3ECB-2EAA-4D4B-B6EB-2D15B16C366A}.Debug|Win32.Build.0 = Debug|Win32
		{788F3ECB-2EAA-4D4B-B6EB-2D15B16C366A}.Release|Any CPU.ActiveCfg = Release|Win32
		{788F3ECB-2EAA-4D4B-B6EB-2D15B16C366A}.Release|Mixed Platforms.ActiveCfg = Release|Win32
		{788F3ECB-2EAA-4D4B-B6EB-2D15B16C366A}.Release|Mixed Platforms.Build.0 = Release|Win32
		{788F3ECB-2EAA-4D4B-B6EB-2D15B16C366A}.Release|Win32.ActiveCfg = Release|Win32
		{788F3ECB-2EAA-4D4B-B6EB-2D15B16C366A}.Release|Win32.Build.0 = Release|Win32
		{6450D34B-1CC7-46B4-A9ED-10150B377864}.Debug|Any CPU.ActiveCfg = Debug|Win32
		{6450D34B-1CC7-46B4-A9ED-10150B377864}.Debug|Mixed Platforms.ActiveCfg = Debug|Win32
		{6450D34B-1CC7-46B4-A9ED-10150B377864}.Debug|Mixed Platforms.Build.0 = Debug|Win32
		{6450D34B-1CC7-46B4-A9ED-10150B377864}.Debug|Win32.ActiveCfg = Debug|Win32
		{6450D34B-1CC7-46B4-A9ED-10150B377864}.Debug|Win32.Build.0 = Debug|Win32
		{6450D34B-1CC7-46B4-A9ED-10150B377864}.Release|Any CPU.ActiveCfg = Release|Win32
		{6450D34B-1CC7-46B4-A9ED-10150B377864}.Release|Mixed Platforms.ActiveCfg = Release|Win32
		{6450D34B-1CC7-46B4-A9ED-10150B377864}.Release|Mixed Platforms.Build.0 = Release|Win32
		{6450D34B-1CC7-46B4-A9ED-10150B377864}.Release|Win32.ActiveCfg = Release|Win32
		{6450D34B-1CC7-46B4-A9ED-10150B377864}.Release|Win32.Build.0 = Release|Win32
		{695F27E7-4F23-4540-B3D2-4BEEA9884715}.Debug|Any CPU.ActiveCfg = Debug|Win32
		{695F27E7-4F23-4540-B3D2-4BEEA9884715}.Debug|Mixed Platforms.ActiveCfg = Debug|Win32
		{695F27E7-4F23-4540-B3D2-4BEEA9884715}.Debug|Mixed Platforms.Build.0 = Debug|Win32
		{695F27E7-4F23-4540-B3D2-4BEEA9884715}.Debug|Win32.ActiveCfg = Debug|Win32
		{695F27E7-4F23-4540-B3D2-4BEEA9884715}.Debug|Win32.Build.0 = Debug|Win32
		{695F27E7-4F23-4540-B3D2-4BEEA9884715}.Release|Any CPU.ActiveCfg = Release|Win32
		{695F27E7-4F23-4540-B3D2-4BEEA9884715}.Release|Mixed Platforms.ActiveCfg = Release|Win32
		{695F27E7-4F23-4540-B3D2-4BEEA9884715}.Release|Mixed Platforms.Build.0 = Release|Win32
		{695F27E7-4F23-4540-B3D2-4BEEA9884715}.Release|Win32.ActiveCfg = Release|Win32
		{695F27E7-4F23-4540-B3D2-4BEEA9884715}.Release|Win32.Build.0 = Release|Win32
		{412F3B25-142E-461D-AF7D-8473A4CAEB8C}.Debug|Any CPU.ActiveCfg = Debug|Win32
		{412F3B25-142E-461D-AF7D-8473A4CAEB8C}.Debug|Mixed Platforms.ActiveCfg = Debug|Win32
		{412F3B25-142E-461D-AF7D-8473A4CAEB8C}.Debug|Mixed Platforms.Build.0 = Debug|Win32
		{412F3B25-142E-461D-AF7D-8473A4CAEB8C}.Debug|Win32.ActiveCfg = Debug|Win32
		{412F3B25-142E-461D-AF7D-8473A4CAEB8C}.Debug|Win32.Build.0 = Debug|Win32
		{412F3B25-142E-461D-AF7D-8473A4CAEB8C}.Release|Any CPU.ActiveCfg = Release|Win32
		{412F3B25-142E-461D-AF7D-8473A4CAEB8C}.Release|Mixed Platforms.ActiveCfg = Release|Win32
		{412F3B25-142E-461D-AF7D-8473A4CAEB8C}.Release|Mixed Platforms.Build.0 = Release|Win32
		{412F3B25-142E-461D-AF7D-8473A4CAEB8C}.Release|Win32.ActiveCfg = Release|Win32
		{412F3B25-142E-461D-AF7D-8473A4CAEB8C}.Release|Win32.Build.0 = Release|Win32
		{C29C36AC-7550-4307-8232-3866B82E67C7}.Debug|Any CPU.ActiveCfg = Debug|Win32
		{C29C36AC-7550-4307-8232-3866B82E67C7}.Debug|Mixed Platforms.ActiveCfg = Debug|Win32
		{C29C36AC-7550-4307-8232-3866B82E67C7}.Debug|Mixed Platforms.Build.0 = Debug|Win32
		{C29C36AC-7550-4307-8232-3866B82E67C7}.Debug|Win32.ActiveCfg = Debug|Win32
		{C29C36AC-7550-4307-8232-3866B82E67C7}.Debug|Win32.Build.0 = Debug|Win32
		{C29C36AC-7550-4307-8232-3866B82E67C7}.Release|Any CPU.ActiveCfg = Release|Win32
		{C29C36AC-7550-4307-8232-3866B82E67C7}.Release|Mixed Platforms.ActiveCfg = Release|Win32
		{C29C36AC-7550-4307-8232-3866B82E67C7}.Release|Mixed Platforms.Build.0 = Release|Win32
		{C29C36AC-7550-4307-8232-3866B82E67C7}.Release|Win32.ActiveCfg = Release|Win32
		{C29C36AC-7550-4307-8232-3866B82E67C7}.Release|Win32.Build.0 = Release|Win32
		{40FB6DCA-5C08-4641-86F7-244A9AA8F91E}.Debug|Any CPU.ActiveCfg = Debug|Win32
		{40FB6DCA-5C08-4641-86F7-244A9AA8F91E}.Debug|Mixed Platforms.ActiveCfg = Debug|Win32
		{40FB6DCA-5C08-4641-86F7-244A9AA8F91E}.Debug|Mixed Platforms.Build.0 = Debug|Win32
		{40FB6DCA-5C08-4641-86F7-244A9AA8F91E}.Debug|Win32.ActiveCfg = Debug|Win32
		{40FB6DCA-5C08-4641-86F7-244A9AA8F91E}.Debug|Win32.Build.0 = Debug|Win32
		{40FB6DCA-5C08-4641-86F7-244A9AA8F91E}.Release|Any CPU.ActiveCfg = Release|Win32
		{40FB6DCA-5C08-4641-86F7-244A9AA8F91E}.Release|Mixed Platforms.ActiveCfg = Release|Win32
		{40FB6DCA-5C08-4641-86F7-244A9AA8F91E}.Release|Mixed Platforms.Build.0 = Release|Win32
		{40FB6DCA-5C08-4641-86F7-244A9AA8F91E}.Release|Win32.ActiveCfg = Release|Win32
		{40FB6DCA-5C08-4641-86F7-244A9AA8F91E}.Release|Win32.Build.0 = Release|Win32
		{0B73FBE5-7146-4ECE-8FE5-A49A069CFF9C}.Debug|Any CPU.ActiveCfg = Debug|Win32
		{0B73FBE5-7146-4ECE-8FE5-A49A069CFF9C}.Debug|Mixed Platforms.ActiveCfg = Debug|Win32
		{0B73FBE5-7146-4ECE-8FE5-A49A069CFF9C}.Debug|Mixed Platforms.Build.0 = Debug|Win32
		{0B73FBE5-7146-4ECE-8FE5-A49A069CFF9C}.Debug|Win32.ActiveCfg = Debug|Win32
		{0B73FBE5-7146-4ECE-8FE5-A49A069CFF9C}.Debug|Win32.Build.0 = Debug|Win32
		{0B73FBE5-7146-4ECE-8FE5-A49A069CFF9C}.Release|Any CPU.ActiveCfg = Release|Win32
		{0B73FBE5-7146-4ECE-8FE5-A49A069CFF9C}.Release|Mixed Platforms.ActiveCfg = Release|Win32
		{0B73FBE5-7146-4ECE-8FE5-A49A069CFF9C}.Release|Mixed Platforms.Build.0 = Release|Win32
		{0B73FBE5-7146-4ECE-8FE5-A49A069CFF9C}.Release|Win32.ActiveCfg = Release|Win32
		{0B73FBE5-7146-4ECE-8FE5-A49A069CFF9C}.Release|Win32.Build.0 = Release|Win32
		{218A329B-FA2F-42D7-BFA1-BE530A071E33}.Debug|Any CPU.ActiveCfg = Debug|Win32
		{218A329B-FA2F-42D7-BFA1-BE530A071E33}.Debug|Mixed Platforms.ActiveCfg = Debug|Win32
		{218A329B-FA2F-42D7-BFA1-BE530A071E33}.Debug|Mixed Platforms.Build.0 = Debug|Win32
		{218A329B-FA2F-42D7-BFA1-BE530A071E33}.Debug|Win32.ActiveCfg = Debug|Win32
		{218A329B-FA2F-42D7-BFA1-BE530A071E33}.Debug|Win32.Build.0 = Debug|Win32
		{218A329B-FA2F-42D7-BFA1-BE530A071E33}.Release|Any CPU.ActiveCfg = Release|Win32
		{218A329B-FA2F-42D7-BFA1-BE530A071E33}.Release|Mixed Platforms.ActiveCfg = Release|Win32
		{218A329B-FA2F-42D7-BFA1-BE530A071E33}.Release|Mixed Platforms.Build.0 = Release|Win32
		{218A329B-FA2F-42D7-BFA1-BE530A071E33}.Release|Win32.ActiveCfg = Release|Win32
		{218A329B-FA2F-42D7-BFA1-BE530A071E33}.Release|Win32.Build.0 = Release|Win32
		{42899BED-0243-4429-AFC0-CC1643872746}.Debug|Any CPU.ActiveCfg = Debug|Win32
		{42899BED-0243-4429-AFC0-CC1643872746}.Debug|Mixed Platforms.ActiveCfg = Debug|Win32
		{42899BED-0243-4429-AFC0-CC1643872746}.Debug|Mixed Platforms.Build.0 = Debug|Win32
		{42899BED-0243-4429-AFC0-CC1643872746}.Debug|Win32.ActiveCfg = Debug|Win32
		{42899BED-0243-4429-AFC0-CC1643872746}.Debug|Win32.Build.0 = Debug|Win32
		{42899BED-0243-4429-AFC0-CC1643872746}.Release|Any CPU.ActiveCfg = Release|Win32
		{42899BED-0243-4429-AFC0-CC1643872746}.Release|Mixed Platforms.ActiveCfg = Release|Win32
		{42899BED-0243-4429-AFC0-CC1643872746}.Release|Mixed Platforms.Build.0 = Release|Win32
		{42899BED-0243-4429-AFC0-CC1643872746}.Release|Win32.ActiveCfg = Release|Win32
		{42899BED-0243-4429-AFC0-CC1643872746}.Release|Win32.Build.0 = Release|Win32
		{233B4B1A-9773-4991-A382-F580D6111725}.Debug|Any CPU.ActiveCfg = Debug|Win32
		{233B4B1A-9773-4991-A382-F580D6111725}.Debug|Mixed Platforms.ActiveCfg = Debug|Win32
		{233B4B1A-9773-4991-A382-F580D6111725}.Debug|Mixed Platforms.Build.0 = Debug|Win32
		{233B4B1A-9773-4991-A382-F580D6111725}.Debug|Win32.ActiveCfg = Debug|Win32
		{233B4B1A-9773-4991-A382-F580D6111725}.Debug|Win32.Build.0 = Debug|Win32
		{233B4B1A-9773-4991-A382-F580D6111725}.Release|Any CPU.ActiveCfg = Release|Win32
		{233B4B1A-9773-4991-A382-F580D6111725}.Release|Mixed Platforms.ActiveCfg = Release|Win32
		{233B4B1A-9773-4991-A382-F580D6111725}.Release|Mixed Platforms.Build.0 = Release|Win32
		{233B4B1A-9773-4991-A382-F580D6111725}.Release|Win32.ActiveCfg = Release|Win32
		{233B4B1A-9773-4991-A382-F580D6111725}.Release|Win32.Build.0 = Release|Win32
		{8418B5CA-45EB-4931-9005-E40C0D1527EB}.Debug|Any CPU.ActiveCfg = Debug|Win32
		{8418B5CA-45EB-4931-9005-E40C0D1527EB}.Debug|Mixed Platforms.ActiveCfg = Debug|Win32
		{8418B5CA-45EB-4931-9005-E40C0D1527EB}.Debug|Mixed Platforms.Build.0 = Debug|Win32
		{8418B5CA-45EB-4931-9005-E40C0D1527EB}.Debug|Win32.ActiveCfg = Debug|Win32
		{8418B5CA-45EB-4931-9005-E40C0D1527EB}.Debug|Win32.Build.0 = Debug|Win32
		{8418B5CA-45EB-4931-9005-E40C0D1527EB}.Release|Any CPU.ActiveCfg = Release|Win32
		{8418B5CA-45EB-4931-9005-E40C0D1527EB}.Release|Mixed Platforms.ActiveCfg = Release|Win32
		{8418B5CA-45EB-4931-9005-E40C0D1527EB}.Release|Mixed Platforms.Build.0 = Release|Win32
		{8418B5CA-45EB-4931-9005-E40C0D1527EB}.Release|Win32.ActiveCfg = Release|Win32
		{8418B5CA-45EB-4931-9005-E40C0D1527EB}.Release|Win32.Build.0 = Release|Win32
		{173202F9-4ABB-4906-B9A8-B5AA790860BF}.Debug|Any CPU.ActiveCfg = Debug|Win32
		{173202F9-4ABB-4906-B9A8-B5AA790860BF}.Debug|Mixed Platforms.ActiveCfg = Debug|Win32
		{173202F9-4ABB-4906-B9A8-B5AA790860BF}.Debug|Mixed Platforms.Build.0 = Debug|Win32
		{173202F9-4ABB-4906-B9A8-B5AA790860BF}.Debug|Win32.ActiveCfg = Debug|Win32
		{173202F9-4ABB-4906-B9A8-B5AA790860BF}.Debug|Win32.Build.0 = Debug|Win32
		{173202F9-4ABB-4906-B9A8-B5AA790860BF}.Release|Any CPU.ActiveCfg = Release|Win32
		{173202F9-4ABB-4906-B9A8-B5AA790860BF}.Release|Mixed Platforms.ActiveCfg = Release|Win32
		{173202F9-4ABB-4906-B9A8-B5AA790860BF}.Release|Mixed Platforms.Build.0 = Release|Win32
		{173202F9-4ABB-4906-B9A8-B5AA790860BF}.Release|Win32.ActiveCfg = Release|Win32
		{173202F9-4ABB-4906-B9A8-B5AA790860BF}.Release|Win32.Build.0 = Release|Win32
	EndGlobalSection
	GlobalSection(SolutionProperties) = preSolution
		HideSolutionNode = FALSE
	EndGlobalSection
	GlobalSection(NestedProjects) = preSolution
		{3B094FB5-3514-4B2A-B492-DFB88CDA44C3} = {C04E58F2-404D-4242-852F-0DA4F64CA704}
		{F2A76EB3-F18F-4DE6-9026-61EB6A1A315F} = {C04E58F2-404D-4242-852F-0DA4F64CA704}
		{CDA7B224-F7B6-4E05-AB52-5ADC8957F1BC} = {C04E58F2-404D-4242-852F-0DA4F64CA704}
		{ADB4533F-5C9E-439B-8548-621538CC84B6} = {C04E58F2-404D-4242-852F-0DA4F64CA704}
		{A63C82DE-5BB1-40B8-8657-F25DDC1C8266} = {C04E58F2-404D-4242-852F-0DA4F64CA704}
		{BF140911-F674-4EC2-BA3E-744211D079BA} = {C04E58F2-404D-4242-852F-0DA4F64CA704}
		{82A5620C-7793-43F2-BBEF-B22975AAB396} = {C04E58F2-404D-4242-852F-0DA4F64CA704}
		{3BBD435D-B456-4CD1-8A7E-DE55BE0A7C6E} = {C04E58F2-404D-4242-852F-0DA4F64CA704}
		{994DCD28-F80B-4AA7-8FE7-3BC1BACF834C} = {C04E58F2-404D-4242-852F-0DA4F64CA704}
		{DB54250D-E9C5-4754-AA97-DA487B44C574} = {C04E58F2-404D-4242-852F-0DA4F64CA704}
		{7785D217-0219-4A75-AA42-0ED80E70413F} = {C04E58F2-404D-4242-852F-0DA4F64CA704}
		{0A0251E1-D380-40FB-B6B2-3E42BE735F15} = {C04E58F2-404D-4242-852F-0DA4F64CA704}
		{8D4CF0C3-89C7-49B6-929E-C3DA9D049F5B} = {C04E58F2-404D-4242-852F-0DA4F64CA704}
		{CDED1B9D-89B6-4BBF-99A5-B98D16BDDBF5} = {C04E58F2-404D-4242-852F-0DA4F64CA704}
		{74A7671D-8EBA-4B02-9198-FC9DA76858BF} = {C04E58F2-404D-4242-852F-0DA4F64CA704}
		{F88D149A-6FE9-40C1-B493-699DF6F705B7} = {C04E58F2-404D-4242-852F-0DA4F64CA704}
		{E0A004A3-5B4A-414E-A7BE-4E5D44608C00} = {C04E58F2-404D-4242-852F-0DA4F64CA704}
		{FAD3F437-A35A-4511-A57E-34B8EAC5D861} = {C04E58F2-404D-4242-852F-0DA4F64CA704}
		{70FB67A8-B2DD-4E9B-88A0-9E1BF36491FB} = {C04E58F2-404D-4242-852F-0DA4F64CA704}
		{3D75B641-77E3-4481-91A0-09AE3674F432} = {C04E58F2-404D-4242-852F-0DA4F64CA704}
		{FCA548A1-9A89-4187-8221-37D983504CF1} = {C04E58F2-404D-4242-852F-0DA4F64CA704}
		{410D2382-A24D-423D-93E9-0750FB75C654} = {C04E58F2-404D-4242-852F-0DA4F64CA704}
		{B5C5C8C3-3332-4D49-8E8B-3F6A4C8EA0F5} = {C04E58F2-404D-4242-852F-0DA4F64CA704}
		{31002551-08A2-430E-86EA-77A1F6BA09AB} = {C04E58F2-404D-4242-852F-0DA4F64CA704}
		{BDCE4547-DB11-468D-B601-F8679C639696} = {C04E58F2-404D-4242-852F-0DA4F64CA704}
		{9CCF8372-7EBF-43E0-8681-AF0F885B8807} = {C04E58F2-404D-4242-852F-0DA4F64CA704}
		{7344BC82-730A-4B4B-9371-0E09D3638125} = {C04E58F2-404D-4242-852F-0DA4F64CA704}
		{DA5FA3BF-5E45-4693-91D6-56D45165D1DB} = {C04E58F2-404D-4242-852F-0DA4F64CA704}
		{691E066C-2225-40BC-BB18-32BCC0DD6D77} = {C04E58F2-404D-4242-852F-0DA4F64CA704}
		{42F3A891-CA4D-42F6-B87D-401854E4BF2E} = {225A66C1-06A9-49AD-B5DD-236D16F77AA4}
		{455D6A86-ED47-4A91-B759-2DA9D01A5C2F} = {225A66C1-06A9-49AD-B5DD-236D16F77AA4}
		{9F2F5135-9895-4414-959B-26CA6FD26466} = {225A66C1-06A9-49AD-B5DD-236D16F77AA4}
		{3F7E6D50-B0CF-4AF4-912C-E9E5AC904BAD} = {225A66C1-06A9-49AD-B5DD-236D16F77AA4}
		{650AF3B7-E42B-44F8-905F-D3BBE56435A7} = {225A66C1-06A9-49AD-B5DD-236D16F77AA4}
		{9A5FE32F-5EE0-4789-9F47-E283DA061D02} = {225A66C1-06A9-49AD-B5DD-236D16F77AA4}
		{1CBEEE3D-763D-4305-BB75-5DA311F9CF75} = {225A66C1-06A9-49AD-B5DD-236D16F77AA4}
		{27042931-F7E0-456D-A590-66A1F53DADD7} = {9DDAF75E-164E-4D22-BCCF-9F8F7FAA5AE7}
		{FE84BA15-34D7-44DE-A94C-354D0F5E522A} = {9DDAF75E-164E-4D22-BCCF-9F8F7FAA5AE7}
		{22F4EE4F-6F14-4776-A185-641008E78FF8} = {9DDAF75E-164E-4D22-BCCF-9F8F7FAA5AE7}
		{370D4766-3207-4D3E-91C9-BE9CE6EBB62A} = {9DDAF75E-164E-4D22-BCCF-9F8F7FAA5AE7}
		{050FFCE9-6125-4564-BA71-6A22968FEBAA} = {9DDAF75E-164E-4D22-BCCF-9F8F7FAA5AE7}
		{2BD5DB32-35E9-4FCC-BFF5-F9E3C4BC0411} = {9DDAF75E-164E-4D22-BCCF-9F8F7FAA5AE7}
		{B44B6CFA-3D95-454B-9CD0-F38A0782AF57} = {9DDAF75E-164E-4D22-BCCF-9F8F7FAA5AE7}
		{37858CBE-744C-4D2D-835B-A8E553F5BB55} = {9DDAF75E-164E-4D22-BCCF-9F8F7FAA5AE7}
		{AF674C87-8933-4CDA-82CE-61C91942FF67} = {9DDAF75E-164E-4D22-BCCF-9F8F7FAA5AE7}
		{8F2F7C49-96D8-496D-911F-8AE0B0B7996D} = {9DDAF75E-164E-4D22-BCCF-9F8F7FAA5AE7}
		{788F3ECB-2EAA-4D4B-B6EB-2D15B16C366A} = {9DDAF75E-164E-4D22-BCCF-9F8F7FAA5AE7}
		{6450D34B-1CC7-46B4-A9ED-10150B377864} = {9DDAF75E-164E-4D22-BCCF-9F8F7FAA5AE7}
		{695F27E7-4F23-4540-B3D2-4BEEA9884715} = {9DDAF75E-164E-4D22-BCCF-9F8F7FAA5AE7}
		{412F3B25-142E-461D-AF7D-8473A4CAEB8C} = {88CAA38B-84A0-4C1B-8737-4E69827779FB}
		{C29C36AC-7550-4307-8232-3866B82E67C7} = {88CAA38B-84A0-4C1B-8737-4E69827779FB}
		{40FB6DCA-5C08-4641-86F7-244A9AA8F91E} = {88CAA38B-84A0-4C1B-8737-4E69827779FB}
		{0B73FBE5-7146-4ECE-8FE5-A49A069CFF9C} = {88CAA38B-84A0-4C1B-8737-4E69827779FB}
		{218A329B-FA2F-42D7-BFA1-BE530A071E33} = {88CAA38B-84A0-4C1B-8737-4E69827779FB}
		{42899BED-0243-4429-AFC0-CC1643872746} = {88CAA38B-84A0-4C1B-8737-4E69827779FB}
	EndGlobalSection
EndGlobal
